{
  "pins" : [
    {
      "identity" : "cruby",
      "kind" : "remoteSourceControl",
      "location" : "https://github.com/johnfairh/CRuby",
      "state" : {
        "revision" : "eb26e48106c60390a17f83c984ce3b26ccf9caf9",
        "version" : "2.0.0"
      }
    },
    {
      "identity" : "rubygateway",
      "kind" : "remoteSourceControl",
      "location" : "https://github.com/johnfairh/RubyGateway",
      "state" : {
        "branch" : "main",
        "revision" : "7e4eb09e55f15a5fdefc6d28fd60f11100547dd2"
      }
    },
    {
      "identity" : "swiftui-reorderable-foreach",
      "kind" : "remoteSourceControl",
      "location" : "https://github.com/globulus/swiftui-reorderable-foreach",
      "state" : {
        "revision" : "47f6ca1ad906ef2ae1f872ed34a10cc615ad99ca",
        "version" : "1.0.0"
      }
    },
    {
      "identity" : "wrappinghstack",
      "kind" : "remoteSourceControl",
      "location" : "https://github.com/dkk/WrappingHStack",
      "state" : {
        "revision" : "f31b8fdc57759c5aa5fc98c70746db5556e73300",
        "version" : "2.2.10"
      }
    }
  ],
  "version" : 2
}
