// !$*UTF8*$!
{
	archiveVersion = 1;
	classes = {
	};
	objectVersion = 56;
	objects = {

/* Begin PBXBuildFile section */
		88140FC82A5214F90095DB5A /* SwiftUIReorderableForEach in Frameworks */ = {isa = PBXBuildFile; productRef = 88140FC72A5214F90095DB5A /* SwiftUIReorderableForEach */; };
		88140FCD2A5218100095DB5A /* OptionsView.swift in Sources */ = {isa = PBXBuildFile; fileRef = 88140FCC2A5218100095DB5A /* OptionsView.swift */; };
		881A39A92A242D4600B4782D /* sheettestApp.swift in Sources */ = {isa = PBXBuildFile; fileRef = 881A39A82A242D4600B4782D /* sheettestApp.swift */; };
		881A39AB2A242D4600B4782D /* ContentView.swift in Sources */ = {isa = PBXBuildFile; fileRef = 881A39AA2A242D4600B4782D /* ContentView.swift */; };
		881A39AD2A242D4700B4782D /* Assets.xcassets in Resources */ = {isa = PBXBuildFile; fileRef = 881A39AC2A242D4700B4782D /* Assets.xcassets */; };
		881A39B02A242D4700B4782D /* Preview Assets.xcassets in Resources */ = {isa = PBXBuildFile; fileRef = 881A39AF2A242D4700B4782D /* Preview Assets.xcassets */; };
		881A39BB2A242D4700B4782D /* sheettestTests.swift in Sources */ = {isa = PBXBuildFile; fileRef = 881A39BA2A242D4700B4782D /* sheettestTests.swift */; };
		881A39C52A242D4700B4782D /* sheettestUITests.swift in Sources */ = {isa = PBXBuildFile; fileRef = 881A39C42A242D4700B4782D /* sheettestUITests.swift */; };
		881A39C72A242D4700B4782D /* sheettestUITestsLaunchTests.swift in Sources */ = {isa = PBXBuildFile; fileRef = 881A39C62A242D4700B4782D /* sheettestUITestsLaunchTests.swift */; };
		881A39D52A253A4900B4782D /* WrappingHStack in Frameworks */ = {isa = PBXBuildFile; productRef = 881A39D42A253A4900B4782D /* WrappingHStack */; };
		881A39EC2A2A888100B4782D /* CellModel.swift in Sources */ = {isa = PBXBuildFile; fileRef = 881A39EB2A2A888100B4782D /* CellModel.swift */; };
		881A39EF2A2A88AB00B4782D /* CellView.swift in Sources */ = {isa = PBXBuildFile; fileRef = 881A39EE2A2A88AB00B4782D /* CellView.swift */; };
		881A39F12A2A8D6200B4782D /* SheetModel.swift in Sources */ = {isa = PBXBuildFile; fileRef = 881A39F02A2A8D6200B4782D /* SheetModel.swift */; };
		881A39F32A2A8D8700B4782D /* ColumnModel.swift in Sources */ = {isa = PBXBuildFile; fileRef = 881A39F22A2A8D8700B4782D /* ColumnModel.swift */; };
		881A39F52A2A917E00B4782D /* ArgumentModel.swift in Sources */ = {isa = PBXBuildFile; fileRef = 881A39F42A2A917E00B4782D /* ArgumentModel.swift */; };
		881A39F72A2A9D5900B4782D /* SheetView.swift in Sources */ = {isa = PBXBuildFile; fileRef = 881A39F62A2A9D5900B4782D /* SheetView.swift */; };
		881A39FB2A2AB66900B4782D /* VideoView.swift in Sources */ = {isa = PBXBuildFile; fileRef = 881A39FA2A2AB66900B4782D /* VideoView.swift */; };
		881A39FD2A2ABBB900B4782D /* IMG_1234.MOV in Resources */ = {isa = PBXBuildFile; fileRef = 881A39FC2A2ABBB900B4782D /* IMG_1234.MOV */; };
		881A3A002A2BE73B00B4782D /* ControllerView.swift in Sources */ = {isa = PBXBuildFile; fileRef = 881A39FF2A2BE73B00B4782D /* ControllerView.swift */; };
		881A3A022A2C0B6500B4782D /* VideoModel.swift in Sources */ = {isa = PBXBuildFile; fileRef = 881A3A012A2C0B6500B4782D /* VideoModel.swift */; };
		8837C56D2A2D29AF00F29182 /* EditableLabel.swift in Sources */ = {isa = PBXBuildFile; fileRef = 8837C56C2A2D29AF00F29182 /* EditableLabel.swift */; };
		884B0DF52A4F792A00D16304 /* RubyGateway in Frameworks */ = {isa = PBXBuildFile; productRef = 884B0DF42A4F792A00D16304 /* RubyGateway */; };
		884B0DF72A50BE6B00D16304 /* DatavyuView.swift in Sources */ = {isa = PBXBuildFile; fileRef = 884B0DF62A50BE6B00D16304 /* DatavyuView.swift */; };
		884B0DF92A50CB1B00D16304 /* CodeEditorAddCodeButton.swift in Sources */ = {isa = PBXBuildFile; fileRef = 884B0DF82A50CB1B00D16304 /* CodeEditorAddCodeButton.swift */; };
		884B0DFC2A50CC3900D16304 /* CodeEditorRow.swift in Sources */ = {isa = PBXBuildFile; fileRef = 884B0DFB2A50CC3900D16304 /* CodeEditorRow.swift */; };
		884B0DFE2A50CDCE00D16304 /* README.md in Resources */ = {isa = PBXBuildFile; fileRef = 884B0DFD2A50CDCE00D16304 /* README.md */; };
		8878A60E2A2D698900A2658C /* CodeEditorView.swift in Sources */ = {isa = PBXBuildFile; fileRef = 8878A60D2A2D698900A2658C /* CodeEditorView.swift */; };
		8878A6102A2FBC8700A2658C /* Config.swift in Sources */ = {isa = PBXBuildFile; fileRef = 8878A60F2A2FBC8700A2658C /* Config.swift */; };
		8878A6132A3026E100A2658C /* RubyScriptEngine.swift in Sources */ = {isa = PBXBuildFile; fileRef = 8878A6122A3026E100A2658C /* RubyScriptEngine.swift */; };
		8878A6152A30275900A2658C /* RScriptEngine.swift in Sources */ = {isa = PBXBuildFile; fileRef = 8878A6142A30275900A2658C /* RScriptEngine.swift */; };
		8878A6172A30279700A2658C /* PythonScriptEngine.swift in Sources */ = {isa = PBXBuildFile; fileRef = 8878A6162A30279700A2658C /* PythonScriptEngine.swift */; };
		8878A61A2A3027F500A2658C /* DatavyuAPI.swift in Sources */ = {isa = PBXBuildFile; fileRef = 8878A6192A3027F500A2658C /* DatavyuAPI.swift */; };
		8878A61C2A352A5200A2658C /* MillisTimeFormatter.swift in Sources */ = {isa = PBXBuildFile; fileRef = 8878A61B2A352A5200A2658C /* MillisTimeFormatter.swift */; };
		8878A61F2A38D99100A2658C /* WeakTemporalLayout.swift in Sources */ = {isa = PBXBuildFile; fileRef = 8878A61E2A38D99100A2658C /* WeakTemporalLayout.swift */; };
		8878A6212A3FD4A100A2658C /* TracksStackView.swift in Sources */ = {isa = PBXBuildFile; fileRef = 8878A6202A3FD4A100A2658C /* TracksStackView.swift */; };
		8878A6232A3FD81900A2658C /* TrackView.swift in Sources */ = {isa = PBXBuildFile; fileRef = 8878A6222A3FD81900A2658C /* TrackView.swift */; };
		8878A6252A3FE75200A2658C /* VideoHelpers.swift in Sources */ = {isa = PBXBuildFile; fileRef = 8878A6242A3FE75200A2658C /* VideoHelpers.swift */; };
		8878A6272A3FE93700A2658C /* FileController.swift in Sources */ = {isa = PBXBuildFile; fileRef = 8878A6262A3FE93700A2658C /* FileController.swift */; };
		8878A6362A411F9B00A2658C /* FileModel.swift in Sources */ = {isa = PBXBuildFile; fileRef = 8878A6352A411F9B00A2658C /* FileModel.swift */; };
		8878A6382A41305E00A2658C /* ClockView.swift in Sources */ = {isa = PBXBuildFile; fileRef = 8878A6372A41305E00A2658C /* ClockView.swift */; };
		8878A63A2A427C6000A2658C /* MarkerModel.swift in Sources */ = {isa = PBXBuildFile; fileRef = 8878A6392A427C6000A2658C /* MarkerModel.swift */; };
		88D3FE372A4DE12A0094F953 /* TrackPositionIndicator.swift in Sources */ = {isa = PBXBuildFile; fileRef = 88D3FE362A4DE12A0094F953 /* TrackPositionIndicator.swift */; };
/* End PBXBuildFile section */

/* Begin PBXContainerItemProxy section */
		881A39B72A242D4700B4782D /* PBXContainerItemProxy */ = {
			isa = PBXContainerItemProxy;
			containerPortal = 881A399D2A242D4600B4782D /* Project object */;
			proxyType = 1;
			remoteGlobalIDString = 881A39A42A242D4600B4782D;
			remoteInfo = sheettest;
		};
		881A39C12A242D4700B4782D /* PBXContainerItemProxy */ = {
			isa = PBXContainerItemProxy;
			containerPortal = 881A399D2A242D4600B4782D /* Project object */;
			proxyType = 1;
			remoteGlobalIDString = 881A39A42A242D4600B4782D;
			remoteInfo = sheettest;
		};
/* End PBXContainerItemProxy section */

/* Begin PBXFileReference section */
		88140FCC2A5218100095DB5A /* OptionsView.swift */ = {isa = PBXFileReference; lastKnownFileType = sourcecode.swift; path = OptionsView.swift; sourceTree = "<group>"; };
		881A39A52A242D4600B4782D /* datavyu.app */ = {isa = PBXFileReference; explicitFileType = wrapper.application; includeInIndex = 0; path = datavyu.app; sourceTree = BUILT_PRODUCTS_DIR; };
		881A39A82A242D4600B4782D /* sheettestApp.swift */ = {isa = PBXFileReference; lastKnownFileType = sourcecode.swift; path = sheettestApp.swift; sourceTree = "<group>"; };
		881A39AA2A242D4600B4782D /* ContentView.swift */ = {isa = PBXFileReference; fileEncoding = 4; lastKnownFileType = sourcecode.swift; lineEnding = 0; path = ContentView.swift; sourceTree = "<group>"; };
		881A39AC2A242D4700B4782D /* Assets.xcassets */ = {isa = PBXFileReference; lastKnownFileType = folder.assetcatalog; path = Assets.xcassets; sourceTree = "<group>"; };
		881A39AF2A242D4700B4782D /* Preview Assets.xcassets */ = {isa = PBXFileReference; lastKnownFileType = folder.assetcatalog; path = "Preview Assets.xcassets"; sourceTree = "<group>"; };
		881A39B12A242D4700B4782D /* datavyu.entitlements */ = {isa = PBXFileReference; lastKnownFileType = text.plist.entitlements; path = datavyu.entitlements; sourceTree = "<group>"; };
		881A39B62A242D4700B4782D /* datavyuTests.xctest */ = {isa = PBXFileReference; explicitFileType = wrapper.cfbundle; includeInIndex = 0; path = datavyuTests.xctest; sourceTree = BUILT_PRODUCTS_DIR; };
		881A39BA2A242D4700B4782D /* sheettestTests.swift */ = {isa = PBXFileReference; lastKnownFileType = sourcecode.swift; path = sheettestTests.swift; sourceTree = "<group>"; };
		881A39C02A242D4700B4782D /* datavyuUITests.xctest */ = {isa = PBXFileReference; explicitFileType = wrapper.cfbundle; includeInIndex = 0; path = datavyuUITests.xctest; sourceTree = BUILT_PRODUCTS_DIR; };
		881A39C42A242D4700B4782D /* sheettestUITests.swift */ = {isa = PBXFileReference; lastKnownFileType = sourcecode.swift; path = sheettestUITests.swift; sourceTree = "<group>"; };
		881A39C62A242D4700B4782D /* sheettestUITestsLaunchTests.swift */ = {isa = PBXFileReference; lastKnownFileType = sourcecode.swift; path = sheettestUITestsLaunchTests.swift; sourceTree = "<group>"; };
		881A39EB2A2A888100B4782D /* CellModel.swift */ = {isa = PBXFileReference; lastKnownFileType = sourcecode.swift; path = CellModel.swift; sourceTree = "<group>"; };
		881A39EE2A2A88AB00B4782D /* CellView.swift */ = {isa = PBXFileReference; lastKnownFileType = sourcecode.swift; path = CellView.swift; sourceTree = "<group>"; };
		881A39F02A2A8D6200B4782D /* SheetModel.swift */ = {isa = PBXFileReference; lastKnownFileType = sourcecode.swift; path = SheetModel.swift; sourceTree = "<group>"; };
		881A39F22A2A8D8700B4782D /* ColumnModel.swift */ = {isa = PBXFileReference; lastKnownFileType = sourcecode.swift; path = ColumnModel.swift; sourceTree = "<group>"; };
		881A39F42A2A917E00B4782D /* ArgumentModel.swift */ = {isa = PBXFileReference; lastKnownFileType = sourcecode.swift; path = ArgumentModel.swift; sourceTree = "<group>"; };
		881A39F62A2A9D5900B4782D /* SheetView.swift */ = {isa = PBXFileReference; lastKnownFileType = sourcecode.swift; path = SheetView.swift; sourceTree = "<group>"; };
		881A39FA2A2AB66900B4782D /* VideoView.swift */ = {isa = PBXFileReference; lastKnownFileType = sourcecode.swift; path = VideoView.swift; sourceTree = "<group>"; };
		881A39FC2A2ABBB900B4782D /* IMG_1234.MOV */ = {isa = PBXFileReference; lastKnownFileType = video.quicktime; path = IMG_1234.MOV; sourceTree = "<group>"; };
		881A39FF2A2BE73B00B4782D /* ControllerView.swift */ = {isa = PBXFileReference; lastKnownFileType = sourcecode.swift; path = ControllerView.swift; sourceTree = "<group>"; };
		881A3A012A2C0B6500B4782D /* VideoModel.swift */ = {isa = PBXFileReference; lastKnownFileType = sourcecode.swift; path = VideoModel.swift; sourceTree = "<group>"; };
		8837C56C2A2D29AF00F29182 /* EditableLabel.swift */ = {isa = PBXFileReference; lastKnownFileType = sourcecode.swift; path = EditableLabel.swift; sourceTree = "<group>"; };
		884B0DF62A50BE6B00D16304 /* DatavyuView.swift */ = {isa = PBXFileReference; lastKnownFileType = sourcecode.swift; path = DatavyuView.swift; sourceTree = "<group>"; };
		884B0DF82A50CB1B00D16304 /* CodeEditorAddCodeButton.swift */ = {isa = PBXFileReference; lastKnownFileType = sourcecode.swift; path = CodeEditorAddCodeButton.swift; sourceTree = "<group>"; };
		884B0DFB2A50CC3900D16304 /* CodeEditorRow.swift */ = {isa = PBXFileReference; lastKnownFileType = sourcecode.swift; path = CodeEditorRow.swift; sourceTree = "<group>"; };
		884B0DFD2A50CDCE00D16304 /* README.md */ = {isa = PBXFileReference; fileEncoding = 4; lastKnownFileType = net.daringfireball.markdown; path = README.md; sourceTree = "<group>"; };
		8878A60D2A2D698900A2658C /* CodeEditorView.swift */ = {isa = PBXFileReference; lastKnownFileType = sourcecode.swift; path = CodeEditorView.swift; sourceTree = "<group>"; };
		8878A60F2A2FBC8700A2658C /* Config.swift */ = {isa = PBXFileReference; lastKnownFileType = sourcecode.swift; path = Config.swift; sourceTree = "<group>"; };
		8878A6122A3026E100A2658C /* RubyScriptEngine.swift */ = {isa = PBXFileReference; lastKnownFileType = sourcecode.swift; path = RubyScriptEngine.swift; sourceTree = "<group>"; };
		8878A6142A30275900A2658C /* RScriptEngine.swift */ = {isa = PBXFileReference; lastKnownFileType = sourcecode.swift; path = RScriptEngine.swift; sourceTree = "<group>"; };
		8878A6162A30279700A2658C /* PythonScriptEngine.swift */ = {isa = PBXFileReference; lastKnownFileType = sourcecode.swift; path = PythonScriptEngine.swift; sourceTree = "<group>"; };
		8878A6192A3027F500A2658C /* DatavyuAPI.swift */ = {isa = PBXFileReference; lastKnownFileType = sourcecode.swift; path = DatavyuAPI.swift; sourceTree = "<group>"; };
		8878A61B2A352A5200A2658C /* MillisTimeFormatter.swift */ = {isa = PBXFileReference; lastKnownFileType = sourcecode.swift; path = MillisTimeFormatter.swift; sourceTree = "<group>"; };
		8878A61E2A38D99100A2658C /* WeakTemporalLayout.swift */ = {isa = PBXFileReference; lastKnownFileType = sourcecode.swift; path = WeakTemporalLayout.swift; sourceTree = "<group>"; };
		8878A6202A3FD4A100A2658C /* TracksStackView.swift */ = {isa = PBXFileReference; lastKnownFileType = sourcecode.swift; path = TracksStackView.swift; sourceTree = "<group>"; };
		8878A6222A3FD81900A2658C /* TrackView.swift */ = {isa = PBXFileReference; lastKnownFileType = sourcecode.swift; path = TrackView.swift; sourceTree = "<group>"; };
		8878A6242A3FE75200A2658C /* VideoHelpers.swift */ = {isa = PBXFileReference; lastKnownFileType = sourcecode.swift; path = VideoHelpers.swift; sourceTree = "<group>"; };
		8878A6262A3FE93700A2658C /* FileController.swift */ = {isa = PBXFileReference; lastKnownFileType = sourcecode.swift; path = FileController.swift; sourceTree = "<group>"; };
		8878A6352A411F9B00A2658C /* FileModel.swift */ = {isa = PBXFileReference; lastKnownFileType = sourcecode.swift; path = FileModel.swift; sourceTree = "<group>"; };
		8878A6372A41305E00A2658C /* ClockView.swift */ = {isa = PBXFileReference; lastKnownFileType = sourcecode.swift; path = ClockView.swift; sourceTree = "<group>"; };
		8878A6392A427C6000A2658C /* MarkerModel.swift */ = {isa = PBXFileReference; lastKnownFileType = sourcecode.swift; path = MarkerModel.swift; sourceTree = "<group>"; };
		88D3FE362A4DE12A0094F953 /* TrackPositionIndicator.swift */ = {isa = PBXFileReference; lastKnownFileType = sourcecode.swift; path = TrackPositionIndicator.swift; sourceTree = "<group>"; };
/* End PBXFileReference section */

/* Begin PBXFrameworksBuildPhase section */
		881A39A22A242D4600B4782D /* Frameworks */ = {
			isa = PBXFrameworksBuildPhase;
			buildActionMask = 2147483647;
			files = (
				88140FC82A5214F90095DB5A /* SwiftUIReorderableForEach in Frameworks */,
				881A39D52A253A4900B4782D /* WrappingHStack in Frameworks */,
				884B0DF52A4F792A00D16304 /* RubyGateway in Frameworks */,
			);
			runOnlyForDeploymentPostprocessing = 0;
		};
		881A39B32A242D4700B4782D /* Frameworks */ = {
			isa = PBXFrameworksBuildPhase;
			buildActionMask = 2147483647;
			files = (
			);
			runOnlyForDeploymentPostprocessing = 0;
		};
		881A39BD2A242D4700B4782D /* Frameworks */ = {
			isa = PBXFrameworksBuildPhase;
			buildActionMask = 2147483647;
			files = (
			);
			runOnlyForDeploymentPostprocessing = 0;
		};
/* End PBXFrameworksBuildPhase section */

/* Begin PBXGroup section */
		88140FCB2A5217FE0095DB5A /* Options */ = {
			isa = PBXGroup;
			children = (
				88140FCC2A5218100095DB5A /* OptionsView.swift */,
			);
			path = Options;
			sourceTree = "<group>";
		};
		881A399C2A242D4600B4782D = {
			isa = PBXGroup;
			children = (
				884B0DFD2A50CDCE00D16304 /* README.md */,
				881A39A72A242D4600B4782D /* datavyu */,
				881A39B92A242D4700B4782D /* sheettestTests */,
				881A39C32A242D4700B4782D /* sheettestUITests */,
				881A39A62A242D4600B4782D /* Products */,
			);
			sourceTree = "<group>";
		};
		881A39A62A242D4600B4782D /* Products */ = {
			isa = PBXGroup;
			children = (
				881A39A52A242D4600B4782D /* datavyu.app */,
				881A39B62A242D4700B4782D /* datavyuTests.xctest */,
				881A39C02A242D4700B4782D /* datavyuUITests.xctest */,
			);
			name = Products;
			sourceTree = "<group>";
		};
		881A39A72A242D4600B4782D /* datavyu */ = {
			isa = PBXGroup;
			children = (
				8878A62A2A3FED2E00A2658C /* Helpers */,
				8878A6112A3026CB00A2658C /* Scripting */,
				885CC2AC2A2D3E9A00AA5304 /* Extensions */,
				881A39FE2A2BE15700B4782D /* IO */,
				881A39EA2A2A887100B4782D /* Models */,
				881A39E92A2A886400B4782D /* Views */,
				881A39E62A2A880E00B4782D /* Formatters */,
				881A39A82A242D4600B4782D /* sheettestApp.swift */,
				881A39AA2A242D4600B4782D /* ContentView.swift */,
				881A39AC2A242D4700B4782D /* Assets.xcassets */,
				881A39FC2A2ABBB900B4782D /* IMG_1234.MOV */,
				881A39B12A242D4700B4782D /* datavyu.entitlements */,
				881A39AE2A242D4700B4782D /* Preview Content */,
				8878A60F2A2FBC8700A2658C /* Config.swift */,
			);
			path = datavyu;
			sourceTree = "<group>";
		};
		881A39AE2A242D4700B4782D /* Preview Content */ = {
			isa = PBXGroup;
			children = (
				881A39AF2A242D4700B4782D /* Preview Assets.xcassets */,
			);
			path = "Preview Content";
			sourceTree = "<group>";
		};
		881A39B92A242D4700B4782D /* sheettestTests */ = {
			isa = PBXGroup;
			children = (
				881A39BA2A242D4700B4782D /* sheettestTests.swift */,
			);
			path = sheettestTests;
			sourceTree = "<group>";
		};
		881A39C32A242D4700B4782D /* sheettestUITests */ = {
			isa = PBXGroup;
			children = (
				881A39C42A242D4700B4782D /* sheettestUITests.swift */,
				881A39C62A242D4700B4782D /* sheettestUITestsLaunchTests.swift */,
			);
			path = sheettestUITests;
			sourceTree = "<group>";
		};
		881A39E62A2A880E00B4782D /* Formatters */ = {
			isa = PBXGroup;
			children = (
				8878A61B2A352A5200A2658C /* MillisTimeFormatter.swift */,
			);
			path = Formatters;
			sourceTree = "<group>";
		};
		881A39E92A2A886400B4782D /* Views */ = {
			isa = PBXGroup;
			children = (
				88140FCB2A5217FE0095DB5A /* Options */,
				884B0DFA2A50CC2300D16304 /* CodeEditor */,
				8878A62E2A3FFCB600A2658C /* Audio */,
				8878A61D2A38D97500A2658C /* Layouts */,
				8837C56B2A2D299B00F29182 /* Components */,
				881A39EE2A2A88AB00B4782D /* CellView.swift */,
				881A39F62A2A9D5900B4782D /* SheetView.swift */,
				881A39FA2A2AB66900B4782D /* VideoView.swift */,
				881A39FF2A2BE73B00B4782D /* ControllerView.swift */,
				8878A6202A3FD4A100A2658C /* TracksStackView.swift */,
				884B0DF62A50BE6B00D16304 /* DatavyuView.swift */,
			);
			path = Views;
			sourceTree = "<group>";
		};
		881A39EA2A2A887100B4782D /* Models */ = {
			isa = PBXGroup;
			children = (
				881A39EB2A2A888100B4782D /* CellModel.swift */,
				881A39F02A2A8D6200B4782D /* SheetModel.swift */,
				881A39F22A2A8D8700B4782D /* ColumnModel.swift */,
				881A39F42A2A917E00B4782D /* ArgumentModel.swift */,
				881A3A012A2C0B6500B4782D /* VideoModel.swift */,
				8878A6352A411F9B00A2658C /* FileModel.swift */,
				8878A6392A427C6000A2658C /* MarkerModel.swift */,
			);
			path = Models;
			sourceTree = "<group>";
		};
		881A39FE2A2BE15700B4782D /* IO */ = {
			isa = PBXGroup;
			children = (
				8878A6262A3FE93700A2658C /* FileController.swift */,
			);
			path = IO;
			sourceTree = "<group>";
		};
		8837C56B2A2D299B00F29182 /* Components */ = {
			isa = PBXGroup;
			children = (
				8837C56C2A2D29AF00F29182 /* EditableLabel.swift */,
				8878A6222A3FD81900A2658C /* TrackView.swift */,
				8878A6372A41305E00A2658C /* ClockView.swift */,
				88D3FE362A4DE12A0094F953 /* TrackPositionIndicator.swift */,
			);
			path = Components;
			sourceTree = "<group>";
		};
		884B0DFA2A50CC2300D16304 /* CodeEditor */ = {
			isa = PBXGroup;
			children = (
				8878A60D2A2D698900A2658C /* CodeEditorView.swift */,
				884B0DF82A50CB1B00D16304 /* CodeEditorAddCodeButton.swift */,
				884B0DFB2A50CC3900D16304 /* CodeEditorRow.swift */,
			);
			path = CodeEditor;
			sourceTree = "<group>";
		};
		885CC2AC2A2D3E9A00AA5304 /* Extensions */ = {
			isa = PBXGroup;
			children = (
			);
			path = Extensions;
			sourceTree = "<group>";
		};
		8878A6112A3026CB00A2658C /* Scripting */ = {
			isa = PBXGroup;
			children = (
				8878A6122A3026E100A2658C /* RubyScriptEngine.swift */,
				8878A6142A30275900A2658C /* RScriptEngine.swift */,
				8878A6162A30279700A2658C /* PythonScriptEngine.swift */,
				8878A6192A3027F500A2658C /* DatavyuAPI.swift */,
			);
			path = Scripting;
			sourceTree = "<group>";
		};
		8878A61D2A38D97500A2658C /* Layouts */ = {
			isa = PBXGroup;
			children = (
				8878A61E2A38D99100A2658C /* WeakTemporalLayout.swift */,
			);
			path = Layouts;
			sourceTree = "<group>";
		};
		8878A62A2A3FED2E00A2658C /* Helpers */ = {
			isa = PBXGroup;
			children = (
				8878A6242A3FE75200A2658C /* VideoHelpers.swift */,
			);
			path = Helpers;
			sourceTree = "<group>";
		};
		8878A62E2A3FFCB600A2658C /* Audio */ = {
			isa = PBXGroup;
			children = (
			);
			path = Audio;
			sourceTree = "<group>";
		};
/* End PBXGroup section */

/* Begin PBXNativeTarget section */
		881A39A42A242D4600B4782D /* datavyu */ = {
			isa = PBXNativeTarget;
			buildConfigurationList = 881A39CA2A242D4700B4782D /* Build configuration list for PBXNativeTarget "datavyu" */;
			buildPhases = (
				881A39A12A242D4600B4782D /* Sources */,
				881A39A22A242D4600B4782D /* Frameworks */,
				881A39A32A242D4600B4782D /* Resources */,
			);
			buildRules = (
			);
			dependencies = (
			);
			name = datavyu;
			packageProductDependencies = (
				881A39D42A253A4900B4782D /* WrappingHStack */,
				884B0DF42A4F792A00D16304 /* RubyGateway */,
				88140FC72A5214F90095DB5A /* SwiftUIReorderableForEach */,
			);
			productName = sheettest;
			productReference = 881A39A52A242D4600B4782D /* datavyu.app */;
			productType = "com.apple.product-type.application";
		};
		881A39B52A242D4700B4782D /* datavyuTests */ = {
			isa = PBXNativeTarget;
			buildConfigurationList = 881A39CD2A242D4700B4782D /* Build configuration list for PBXNativeTarget "datavyuTests" */;
			buildPhases = (
				881A39B22A242D4700B4782D /* Sources */,
				881A39B32A242D4700B4782D /* Frameworks */,
				881A39B42A242D4700B4782D /* Resources */,
			);
			buildRules = (
			);
			dependencies = (
				881A39B82A242D4700B4782D /* PBXTargetDependency */,
			);
			name = datavyuTests;
			productName = sheettestTests;
			productReference = 881A39B62A242D4700B4782D /* datavyuTests.xctest */;
			productType = "com.apple.product-type.bundle.unit-test";
		};
		881A39BF2A242D4700B4782D /* datavyuUITests */ = {
			isa = PBXNativeTarget;
			buildConfigurationList = 881A39D02A242D4700B4782D /* Build configuration list for PBXNativeTarget "datavyuUITests" */;
			buildPhases = (
				881A39BC2A242D4700B4782D /* Sources */,
				881A39BD2A242D4700B4782D /* Frameworks */,
				881A39BE2A242D4700B4782D /* Resources */,
			);
			buildRules = (
			);
			dependencies = (
				881A39C22A242D4700B4782D /* PBXTargetDependency */,
			);
			name = datavyuUITests;
			productName = sheettestUITests;
			productReference = 881A39C02A242D4700B4782D /* datavyuUITests.xctest */;
			productType = "com.apple.product-type.bundle.ui-testing";
		};
/* End PBXNativeTarget section */

/* Begin PBXProject section */
		881A399D2A242D4600B4782D /* Project object */ = {
			isa = PBXProject;
			attributes = {
				BuildIndependentTargetsInParallel = 1;
				LastSwiftUpdateCheck = 1430;
				LastUpgradeCheck = 1430;
				TargetAttributes = {
					881A39A42A242D4600B4782D = {
						CreatedOnToolsVersion = 14.3;
					};
					881A39B52A242D4700B4782D = {
						CreatedOnToolsVersion = 14.3;
						TestTargetID = 881A39A42A242D4600B4782D;
					};
					881A39BF2A242D4700B4782D = {
						CreatedOnToolsVersion = 14.3;
						TestTargetID = 881A39A42A242D4600B4782D;
					};
				};
			};
			buildConfigurationList = 881A39A02A242D4600B4782D /* Build configuration list for PBXProject "datavyu" */;
			compatibilityVersion = "Xcode 14.0";
			developmentRegion = en;
			hasScannedForEncodings = 0;
			knownRegions = (
				en,
				Base,
			);
			mainGroup = 881A399C2A242D4600B4782D;
			packageReferences = (
				881A39D32A253A4900B4782D /* XCRemoteSwiftPackageReference "WrappingHStack" */,
				884B0DF32A4F792A00D16304 /* XCRemoteSwiftPackageReference "RubyGateway" */,
				88140FC62A5214F90095DB5A /* XCRemoteSwiftPackageReference "swiftui-reorderable-foreach" */,
			);
			productRefGroup = 881A39A62A242D4600B4782D /* Products */;
			projectDirPath = "";
			projectRoot = "";
			targets = (
				881A39A42A242D4600B4782D /* datavyu */,
				881A39B52A242D4700B4782D /* datavyuTests */,
				881A39BF2A242D4700B4782D /* datavyuUITests */,
			);
		};
/* End PBXProject section */

/* Begin PBXResourcesBuildPhase section */
		881A39A32A242D4600B4782D /* Resources */ = {
			isa = PBXResourcesBuildPhase;
			buildActionMask = 2147483647;
			files = (
				881A39B02A242D4700B4782D /* Preview Assets.xcassets in Resources */,
				881A39AD2A242D4700B4782D /* Assets.xcassets in Resources */,
				884B0DFE2A50CDCE00D16304 /* README.md in Resources */,
				881A39FD2A2ABBB900B4782D /* IMG_1234.MOV in Resources */,
			);
			runOnlyForDeploymentPostprocessing = 0;
		};
		881A39B42A242D4700B4782D /* Resources */ = {
			isa = PBXResourcesBuildPhase;
			buildActionMask = 2147483647;
			files = (
			);
			runOnlyForDeploymentPostprocessing = 0;
		};
		881A39BE2A242D4700B4782D /* Resources */ = {
			isa = PBXResourcesBuildPhase;
			buildActionMask = 2147483647;
			files = (
			);
			runOnlyForDeploymentPostprocessing = 0;
		};
/* End PBXResourcesBuildPhase section */

/* Begin PBXSourcesBuildPhase section */
		881A39A12A242D4600B4782D /* Sources */ = {
			isa = PBXSourcesBuildPhase;
			buildActionMask = 2147483647;
			files = (
				8837C56D2A2D29AF00F29182 /* EditableLabel.swift in Sources */,
				8878A6152A30275900A2658C /* RScriptEngine.swift in Sources */,
				8878A6232A3FD81900A2658C /* TrackView.swift in Sources */,
				8878A6212A3FD4A100A2658C /* TracksStackView.swift in Sources */,
				8878A63A2A427C6000A2658C /* MarkerModel.swift in Sources */,
				8878A6172A30279700A2658C /* PythonScriptEngine.swift in Sources */,
				881A39EC2A2A888100B4782D /* CellModel.swift in Sources */,
				8878A6102A2FBC8700A2658C /* Config.swift in Sources */,
				8878A61A2A3027F500A2658C /* DatavyuAPI.swift in Sources */,
				8878A6272A3FE93700A2658C /* FileController.swift in Sources */,
				881A3A022A2C0B6500B4782D /* VideoModel.swift in Sources */,
				8878A61C2A352A5200A2658C /* MillisTimeFormatter.swift in Sources */,
				881A39AB2A242D4600B4782D /* ContentView.swift in Sources */,
				8878A60E2A2D698900A2658C /* CodeEditorView.swift in Sources */,
				881A39EF2A2A88AB00B4782D /* CellView.swift in Sources */,
				881A39F52A2A917E00B4782D /* ArgumentModel.swift in Sources */,
				8878A61F2A38D99100A2658C /* WeakTemporalLayout.swift in Sources */,
				881A39FB2A2AB66900B4782D /* VideoView.swift in Sources */,
				884B0DFC2A50CC3900D16304 /* CodeEditorRow.swift in Sources */,
				88140FCD2A5218100095DB5A /* OptionsView.swift in Sources */,
				8878A6252A3FE75200A2658C /* VideoHelpers.swift in Sources */,
				881A39A92A242D4600B4782D /* sheettestApp.swift in Sources */,
				884B0DF72A50BE6B00D16304 /* DatavyuView.swift in Sources */,
				8878A6132A3026E100A2658C /* RubyScriptEngine.swift in Sources */,
				8878A6382A41305E00A2658C /* ClockView.swift in Sources */,
				8878A6362A411F9B00A2658C /* FileModel.swift in Sources */,
				881A39F12A2A8D6200B4782D /* SheetModel.swift in Sources */,
				881A39F72A2A9D5900B4782D /* SheetView.swift in Sources */,
				881A39F32A2A8D8700B4782D /* ColumnModel.swift in Sources */,
				88D3FE372A4DE12A0094F953 /* TrackPositionIndicator.swift in Sources */,
				884B0DF92A50CB1B00D16304 /* CodeEditorAddCodeButton.swift in Sources */,
				881A3A002A2BE73B00B4782D /* ControllerView.swift in Sources */,
			);
			runOnlyForDeploymentPostprocessing = 0;
		};
		881A39B22A242D4700B4782D /* Sources */ = {
			isa = PBXSourcesBuildPhase;
			buildActionMask = 2147483647;
			files = (
				881A39BB2A242D4700B4782D /* sheettestTests.swift in Sources */,
			);
			runOnlyForDeploymentPostprocessing = 0;
		};
		881A39BC2A242D4700B4782D /* Sources */ = {
			isa = PBXSourcesBuildPhase;
			buildActionMask = 2147483647;
			files = (
				881A39C72A242D4700B4782D /* sheettestUITestsLaunchTests.swift in Sources */,
				881A39C52A242D4700B4782D /* sheettestUITests.swift in Sources */,
			);
			runOnlyForDeploymentPostprocessing = 0;
		};
/* End PBXSourcesBuildPhase section */

/* Begin PBXTargetDependency section */
		881A39B82A242D4700B4782D /* PBXTargetDependency */ = {
			isa = PBXTargetDependency;
			target = 881A39A42A242D4600B4782D /* datavyu */;
			targetProxy = 881A39B72A242D4700B4782D /* PBXContainerItemProxy */;
		};
		881A39C22A242D4700B4782D /* PBXTargetDependency */ = {
			isa = PBXTargetDependency;
			target = 881A39A42A242D4600B4782D /* datavyu */;
			targetProxy = 881A39C12A242D4700B4782D /* PBXContainerItemProxy */;
		};
/* End PBXTargetDependency section */

/* Begin XCBuildConfiguration section */
		881A39C82A242D4700B4782D /* Debug */ = {
			isa = XCBuildConfiguration;
			buildSettings = {
				ALWAYS_SEARCH_USER_PATHS = NO;
				CLANG_ANALYZER_NONNULL = YES;
				CLANG_ANALYZER_NUMBER_OBJECT_CONVERSION = YES_AGGRESSIVE;
				CLANG_CXX_LANGUAGE_STANDARD = "gnu++20";
				CLANG_ENABLE_MODULES = YES;
				CLANG_ENABLE_OBJC_ARC = YES;
				CLANG_ENABLE_OBJC_WEAK = YES;
				CLANG_WARN_BLOCK_CAPTURE_AUTORELEASING = YES;
				CLANG_WARN_BOOL_CONVERSION = YES;
				CLANG_WARN_COMMA = YES;
				CLANG_WARN_CONSTANT_CONVERSION = YES;
				CLANG_WARN_DEPRECATED_OBJC_IMPLEMENTATIONS = YES;
				CLANG_WARN_DIRECT_OBJC_ISA_USAGE = YES_ERROR;
				CLANG_WARN_DOCUMENTATION_COMMENTS = YES;
				CLANG_WARN_EMPTY_BODY = YES;
				CLANG_WARN_ENUM_CONVERSION = YES;
				CLANG_WARN_INFINITE_RECURSION = YES;
				CLANG_WARN_INT_CONVERSION = YES;
				CLANG_WARN_NON_LITERAL_NULL_CONVERSION = YES;
				CLANG_WARN_OBJC_IMPLICIT_RETAIN_SELF = YES;
				CLANG_WARN_OBJC_LITERAL_CONVERSION = YES;
				CLANG_WARN_OBJC_ROOT_CLASS = YES_ERROR;
				CLANG_WARN_QUOTED_INCLUDE_IN_FRAMEWORK_HEADER = YES;
				CLANG_WARN_RANGE_LOOP_ANALYSIS = YES;
				CLANG_WARN_STRICT_PROTOTYPES = YES;
				CLANG_WARN_SUSPICIOUS_MOVE = YES;
				CLANG_WARN_UNGUARDED_AVAILABILITY = YES_AGGRESSIVE;
				CLANG_WARN_UNREACHABLE_CODE = YES;
				CLANG_WARN__DUPLICATE_METHOD_MATCH = YES;
				COPY_PHASE_STRIP = NO;
				CURRENT_PROJECT_VERSION = 0.1;
				DEBUG_INFORMATION_FORMAT = dwarf;
				ENABLE_STRICT_OBJC_MSGSEND = YES;
				ENABLE_TESTABILITY = YES;
				GCC_C_LANGUAGE_STANDARD = gnu11;
				GCC_DYNAMIC_NO_PIC = NO;
				GCC_NO_COMMON_BLOCKS = YES;
				GCC_OPTIMIZATION_LEVEL = 0;
				GCC_PREPROCESSOR_DEFINITIONS = (
					"DEBUG=1",
					"$(inherited)",
				);
				GCC_WARN_64_TO_32_BIT_CONVERSION = YES;
				GCC_WARN_ABOUT_RETURN_TYPE = YES_ERROR;
				GCC_WARN_UNDECLARED_SELECTOR = YES;
				GCC_WARN_UNINITIALIZED_AUTOS = YES_AGGRESSIVE;
				GCC_WARN_UNUSED_FUNCTION = YES;
				GCC_WARN_UNUSED_VARIABLE = YES;
				MACOSX_DEPLOYMENT_TARGET = 11.0;
				MTL_ENABLE_DEBUG_INFO = INCLUDE_SOURCE;
				MTL_FAST_MATH = YES;
				ONLY_ACTIVE_ARCH = YES;
				SDKROOT = macosx;
				SWIFT_ACTIVE_COMPILATION_CONDITIONS = DEBUG;
				SWIFT_OPTIMIZATION_LEVEL = "-Onone";
				SWIFT_VERSION = 5.0;
			};
			name = Debug;
		};
		881A39C92A242D4700B4782D /* Release */ = {
			isa = XCBuildConfiguration;
			buildSettings = {
				ALWAYS_SEARCH_USER_PATHS = NO;
				CLANG_ANALYZER_NONNULL = YES;
				CLANG_ANALYZER_NUMBER_OBJECT_CONVERSION = YES_AGGRESSIVE;
				CLANG_CXX_LANGUAGE_STANDARD = "gnu++20";
				CLANG_ENABLE_MODULES = YES;
				CLANG_ENABLE_OBJC_ARC = YES;
				CLANG_ENABLE_OBJC_WEAK = YES;
				CLANG_WARN_BLOCK_CAPTURE_AUTORELEASING = YES;
				CLANG_WARN_BOOL_CONVERSION = YES;
				CLANG_WARN_COMMA = YES;
				CLANG_WARN_CONSTANT_CONVERSION = YES;
				CLANG_WARN_DEPRECATED_OBJC_IMPLEMENTATIONS = YES;
				CLANG_WARN_DIRECT_OBJC_ISA_USAGE = YES_ERROR;
				CLANG_WARN_DOCUMENTATION_COMMENTS = YES;
				CLANG_WARN_EMPTY_BODY = YES;
				CLANG_WARN_ENUM_CONVERSION = YES;
				CLANG_WARN_INFINITE_RECURSION = YES;
				CLANG_WARN_INT_CONVERSION = YES;
				CLANG_WARN_NON_LITERAL_NULL_CONVERSION = YES;
				CLANG_WARN_OBJC_IMPLICIT_RETAIN_SELF = YES;
				CLANG_WARN_OBJC_LITERAL_CONVERSION = YES;
				CLANG_WARN_OBJC_ROOT_CLASS = YES_ERROR;
				CLANG_WARN_QUOTED_INCLUDE_IN_FRAMEWORK_HEADER = YES;
				CLANG_WARN_RANGE_LOOP_ANALYSIS = YES;
				CLANG_WARN_STRICT_PROTOTYPES = YES;
				CLANG_WARN_SUSPICIOUS_MOVE = YES;
				CLANG_WARN_UNGUARDED_AVAILABILITY = YES_AGGRESSIVE;
				CLANG_WARN_UNREACHABLE_CODE = YES;
				CLANG_WARN__DUPLICATE_METHOD_MATCH = YES;
				COPY_PHASE_STRIP = NO;
				CURRENT_PROJECT_VERSION = 0.1;
				DEBUG_INFORMATION_FORMAT = "dwarf-with-dsym";
				ENABLE_NS_ASSERTIONS = NO;
				ENABLE_STRICT_OBJC_MSGSEND = YES;
				GCC_C_LANGUAGE_STANDARD = gnu11;
				GCC_NO_COMMON_BLOCKS = YES;
				GCC_WARN_64_TO_32_BIT_CONVERSION = YES;
				GCC_WARN_ABOUT_RETURN_TYPE = YES_ERROR;
				GCC_WARN_UNDECLARED_SELECTOR = YES;
				GCC_WARN_UNINITIALIZED_AUTOS = YES_AGGRESSIVE;
				GCC_WARN_UNUSED_FUNCTION = YES;
				GCC_WARN_UNUSED_VARIABLE = YES;
				MACOSX_DEPLOYMENT_TARGET = 11.0;
				MTL_ENABLE_DEBUG_INFO = NO;
				MTL_FAST_MATH = YES;
				SDKROOT = macosx;
				SWIFT_COMPILATION_MODE = wholemodule;
				SWIFT_OPTIMIZATION_LEVEL = "-O";
				SWIFT_VERSION = 5.0;
			};
			name = Release;
		};
		881A39CB2A242D4700B4782D /* Debug */ = {
			isa = XCBuildConfiguration;
			buildSettings = {
				ASSETCATALOG_COMPILER_APPICON_NAME = AppIcon;
				ASSETCATALOG_COMPILER_GLOBAL_ACCENT_COLOR_NAME = AccentColor;
				CODE_SIGN_ENTITLEMENTS = datavyu/datavyu.entitlements;
				CODE_SIGN_STYLE = Automatic;
				COMBINE_HIDPI_IMAGES = YES;
				CURRENT_PROJECT_VERSION = 1;
				DEVELOPMENT_ASSET_PATHS = "";
				ENABLE_PREVIEWS = YES;
				GENERATE_INFOPLIST_FILE = YES;
				INFOPLIST_KEY_LSApplicationCategoryType = "public.app-category.video";
				INFOPLIST_KEY_NSHumanReadableCopyright = "";
				LD_RUNPATH_SEARCH_PATHS = (
					"$(inherited)",
					"@executable_path/../Frameworks",
				);
				MACOSX_DEPLOYMENT_TARGET = 13.0;
				MARKETING_VERSION = 1.0;
				PRODUCT_BUNDLE_IDENTIFIER = com.jesseisageek.sheettest;
				PRODUCT_NAME = "$(TARGET_NAME)";
				SWIFT_EMIT_LOC_STRINGS = YES;
				SWIFT_VERSION = 5.0;
			};
			name = Debug;
		};
		881A39CC2A242D4700B4782D /* Release */ = {
			isa = XCBuildConfiguration;
			buildSettings = {
				ASSETCATALOG_COMPILER_APPICON_NAME = AppIcon;
				ASSETCATALOG_COMPILER_GLOBAL_ACCENT_COLOR_NAME = AccentColor;
				CODE_SIGN_ENTITLEMENTS = datavyu/datavyu.entitlements;
				CODE_SIGN_STYLE = Automatic;
				COMBINE_HIDPI_IMAGES = YES;
				CURRENT_PROJECT_VERSION = 1;
				DEVELOPMENT_ASSET_PATHS = "";
				ENABLE_PREVIEWS = YES;
				GENERATE_INFOPLIST_FILE = YES;
				INFOPLIST_KEY_LSApplicationCategoryType = "public.app-category.video";
				INFOPLIST_KEY_NSHumanReadableCopyright = "";
				LD_RUNPATH_SEARCH_PATHS = (
					"$(inherited)",
					"@executable_path/../Frameworks",
				);
				MACOSX_DEPLOYMENT_TARGET = 13.0;
				MARKETING_VERSION = 1.0;
				PRODUCT_BUNDLE_IDENTIFIER = com.jesseisageek.sheettest;
				PRODUCT_NAME = "$(TARGET_NAME)";
				SWIFT_EMIT_LOC_STRINGS = YES;
				SWIFT_VERSION = 5.0;
			};
			name = Release;
		};
		881A39CE2A242D4700B4782D /* Debug */ = {
			isa = XCBuildConfiguration;
			buildSettings = {
				ALWAYS_EMBED_SWIFT_STANDARD_LIBRARIES = YES;
				BUNDLE_LOADER = "$(TEST_HOST)";
				CODE_SIGN_STYLE = Automatic;
				CURRENT_PROJECT_VERSION = 1;
				GENERATE_INFOPLIST_FILE = YES;
				MACOSX_DEPLOYMENT_TARGET = 13.3;
				MARKETING_VERSION = 1.0;
				PRODUCT_BUNDLE_IDENTIFIER = com.jesseisageek.sheettestTests;
				PRODUCT_NAME = "$(TARGET_NAME)";
				SWIFT_EMIT_LOC_STRINGS = NO;
				SWIFT_VERSION = 5.0;
				TEST_HOST = "$(BUILT_PRODUCTS_DIR)/datavyu.app/$(BUNDLE_EXECUTABLE_FOLDER_PATH)/datavyu";
			};
			name = Debug;
		};
		881A39CF2A242D4700B4782D /* Release */ = {
			isa = XCBuildConfiguration;
			buildSettings = {
				ALWAYS_EMBED_SWIFT_STANDARD_LIBRARIES = YES;
				BUNDLE_LOADER = "$(TEST_HOST)";
				CODE_SIGN_STYLE = Automatic;
				CURRENT_PROJECT_VERSION = 1;
				GENERATE_INFOPLIST_FILE = YES;
				MACOSX_DEPLOYMENT_TARGET = 13.3;
				MARKETING_VERSION = 1.0;
				PRODUCT_BUNDLE_IDENTIFIER = com.jesseisageek.sheettestTests;
				PRODUCT_NAME = "$(TARGET_NAME)";
				SWIFT_EMIT_LOC_STRINGS = NO;
				SWIFT_VERSION = 5.0;
				TEST_HOST = "$(BUILT_PRODUCTS_DIR)/datavyu.app/$(BUNDLE_EXECUTABLE_FOLDER_PATH)/datavyu";
			};
			name = Release;
		};
		881A39D12A242D4700B4782D /* Debug */ = {
			isa = XCBuildConfiguration;
			buildSettings = {
				ALWAYS_EMBED_SWIFT_STANDARD_LIBRARIES = YES;
				CODE_SIGN_STYLE = Automatic;
				CURRENT_PROJECT_VERSION = 1;
				GENERATE_INFOPLIST_FILE = YES;
				MARKETING_VERSION = 1.0;
				PRODUCT_BUNDLE_IDENTIFIER = com.jesseisageek.sheettestUITests;
				PRODUCT_NAME = "$(TARGET_NAME)";
				SWIFT_EMIT_LOC_STRINGS = NO;
				SWIFT_VERSION = 5.0;
				TEST_TARGET_NAME = sheettest;
			};
			name = Debug;
		};
		881A39D22A242D4700B4782D /* Release */ = {
			isa = XCBuildConfiguration;
			buildSettings = {
				ALWAYS_EMBED_SWIFT_STANDARD_LIBRARIES = YES;
				CODE_SIGN_STYLE = Automatic;
				CURRENT_PROJECT_VERSION = 1;
				GENERATE_INFOPLIST_FILE = YES;
				MARKETING_VERSION = 1.0;
				PRODUCT_BUNDLE_IDENTIFIER = com.jesseisageek.sheettestUITests;
				PRODUCT_NAME = "$(TARGET_NAME)";
				SWIFT_EMIT_LOC_STRINGS = NO;
				SWIFT_VERSION = 5.0;
				TEST_TARGET_NAME = sheettest;
			};
			name = Release;
		};
/* End XCBuildConfiguration section */

/* Begin XCConfigurationList section */
		881A39A02A242D4600B4782D /* Build configuration list for PBXProject "datavyu" */ = {
			isa = XCConfigurationList;
			buildConfigurations = (
				881A39C82A242D4700B4782D /* Debug */,
				881A39C92A242D4700B4782D /* Release */,
			);
			defaultConfigurationIsVisible = 0;
			defaultConfigurationName = Release;
		};
		881A39CA2A242D4700B4782D /* Build configuration list for PBXNativeTarget "datavyu" */ = {
			isa = XCConfigurationList;
			buildConfigurations = (
				881A39CB2A242D4700B4782D /* Debug */,
				881A39CC2A242D4700B4782D /* Release */,
			);
			defaultConfigurationIsVisible = 0;
			defaultConfigurationName = Release;
		};
		881A39CD2A242D4700B4782D /* Build configuration list for PBXNativeTarget "datavyuTests" */ = {
			isa = XCConfigurationList;
			buildConfigurations = (
				881A39CE2A242D4700B4782D /* Debug */,
				881A39CF2A242D4700B4782D /* Release */,
			);
			defaultConfigurationIsVisible = 0;
			defaultConfigurationName = Release;
		};
		881A39D02A242D4700B4782D /* Build configuration list for PBXNativeTarget "datavyuUITests" */ = {
			isa = XCConfigurationList;
			buildConfigurations = (
				881A39D12A242D4700B4782D /* Debug */,
				881A39D22A242D4700B4782D /* Release */,
			);
			defaultConfigurationIsVisible = 0;
			defaultConfigurationName = Release;
		};
/* End XCConfigurationList section */

/* Begin XCRemoteSwiftPackageReference section */
		88140FC62A5214F90095DB5A /* XCRemoteSwiftPackageReference "swiftui-reorderable-foreach" */ = {
			isa = XCRemoteSwiftPackageReference;
			repositoryURL = "https://github.com/globulus/swiftui-reorderable-foreach";
			requirement = {
				kind = upToNextMajorVersion;
				minimumVersion = 1.0.0;
			};
		};
		881A39D32A253A4900B4782D /* XCRemoteSwiftPackageReference "WrappingHStack" */ = {
			isa = XCRemoteSwiftPackageReference;
			repositoryURL = "https://github.com/dkk/WrappingHStack";
			requirement = {
				kind = upToNextMajorVersion;
				minimumVersion = 2.0.0;
			};
		};
		884B0DF32A4F792A00D16304 /* XCRemoteSwiftPackageReference "RubyGateway" */ = {
			isa = XCRemoteSwiftPackageReference;
			repositoryURL = "https://github.com/johnfairh/RubyGateway";
			requirement = {
				branch = main;
				kind = branch;
			};
		};
/* End XCRemoteSwiftPackageReference section */

/* Begin XCSwiftPackageProductDependency section */
		88140FC72A5214F90095DB5A /* SwiftUIReorderableForEach */ = {
			isa = XCSwiftPackageProductDependency;
			package = 88140FC62A5214F90095DB5A /* XCRemoteSwiftPackageReference "swiftui-reorderable-foreach" */;
			productName = SwiftUIReorderableForEach;
		};
		881A39D42A253A4900B4782D /* WrappingHStack */ = {
			isa = XCSwiftPackageProductDependency;
			package = 881A39D32A253A4900B4782D /* XCRemoteSwiftPackageReference "WrappingHStack" */;
			productName = WrappingHStack;
		};
		884B0DF42A4F792A00D16304 /* RubyGateway */ = {
			isa = XCSwiftPackageProductDependency;
			package = 884B0DF32A4F792A00D16304 /* XCRemoteSwiftPackageReference "RubyGateway" */;
			productName = RubyGateway;
		};
/* End XCSwiftPackageProductDependency section */
	};
	rootObject = 881A399D2A242D4600B4782D /* Project object */;
}
