// !$*UTF8*$!
{
	archiveVersion = 1;
	classes = {
	};
	objectVersion = 56;
	objects = {

/* Begin PBXBuildFile section */
		880CBC8B2B3B699D00D7701F /* TemporalLayoutUIKit.swift in Sources */ = {isa = PBXBuildFile; fileRef = 880CBC8A2B3B699D00D7701F /* TemporalLayoutUIKit.swift */; };
		880CBD132B3FB61500D7701F /* TemporalCollectionViewLayout.swift in Sources */ = {isa = PBXBuildFile; fileRef = 880CBD122B3FB61500D7701F /* TemporalCollectionViewLayout.swift */; };
		88140FCD2A5218100095DB5A /* OptionsView.swift in Sources */ = {isa = PBXBuildFile; fileRef = 88140FCC2A5218100095DB5A /* OptionsView.swift */; };
		881A39A92A242D4600B4782D /* sheettestApp.swift in Sources */ = {isa = PBXBuildFile; fileRef = 881A39A82A242D4600B4782D /* sheettestApp.swift */; };
		881A39AB2A242D4600B4782D /* ContentView.swift in Sources */ = {isa = PBXBuildFile; fileRef = 881A39AA2A242D4600B4782D /* ContentView.swift */; };
		881A39AD2A242D4700B4782D /* Assets.xcassets in Resources */ = {isa = PBXBuildFile; fileRef = 881A39AC2A242D4700B4782D /* Assets.xcassets */; };
		881A39B02A242D4700B4782D /* Preview Assets.xcassets in Resources */ = {isa = PBXBuildFile; fileRef = 881A39AF2A242D4700B4782D /* Preview Assets.xcassets */; };
		881A39BB2A242D4700B4782D /* sheettestTests.swift in Sources */ = {isa = PBXBuildFile; fileRef = 881A39BA2A242D4700B4782D /* sheettestTests.swift */; };
		881A39C52A242D4700B4782D /* sheettestUITests.swift in Sources */ = {isa = PBXBuildFile; fileRef = 881A39C42A242D4700B4782D /* sheettestUITests.swift */; };
		881A39C72A242D4700B4782D /* sheettestUITestsLaunchTests.swift in Sources */ = {isa = PBXBuildFile; fileRef = 881A39C62A242D4700B4782D /* sheettestUITestsLaunchTests.swift */; };
		881A39D52A253A4900B4782D /* WrappingHStack in Frameworks */ = {isa = PBXBuildFile; productRef = 881A39D42A253A4900B4782D /* WrappingHStack */; };
		881A39EC2A2A888100B4782D /* CellModel.swift in Sources */ = {isa = PBXBuildFile; fileRef = 881A39EB2A2A888100B4782D /* CellModel.swift */; };
		881A39F12A2A8D6200B4782D /* SheetModel.swift in Sources */ = {isa = PBXBuildFile; fileRef = 881A39F02A2A8D6200B4782D /* SheetModel.swift */; };
		881A39F32A2A8D8700B4782D /* ColumnModel.swift in Sources */ = {isa = PBXBuildFile; fileRef = 881A39F22A2A8D8700B4782D /* ColumnModel.swift */; };
		881A39F52A2A917E00B4782D /* ArgumentModel.swift in Sources */ = {isa = PBXBuildFile; fileRef = 881A39F42A2A917E00B4782D /* ArgumentModel.swift */; };
		881A39F72A2A9D5900B4782D /* SheetView.swift in Sources */ = {isa = PBXBuildFile; fileRef = 881A39F62A2A9D5900B4782D /* SheetView.swift */; };
		881A39FB2A2AB66900B4782D /* VideoView.swift in Sources */ = {isa = PBXBuildFile; fileRef = 881A39FA2A2AB66900B4782D /* VideoView.swift */; };
		881A3A002A2BE73B00B4782D /* ControllerView.swift in Sources */ = {isa = PBXBuildFile; fileRef = 881A39FF2A2BE73B00B4782D /* ControllerView.swift */; };
		881A3A022A2C0B6500B4782D /* VideoModel.swift in Sources */ = {isa = PBXBuildFile; fileRef = 881A3A012A2C0B6500B4782D /* VideoModel.swift */; };
		882D71AE2BEDAC0200538D51 /* FileExtensions.swift in Sources */ = {isa = PBXBuildFile; fileRef = 882D71AD2BEDAC0200538D51 /* FileExtensions.swift */; };
		882D71B02BF2AB6600538D51 /* ViewExtensions.swift in Sources */ = {isa = PBXBuildFile; fileRef = 882D71AF2BF2AB6600538D51 /* ViewExtensions.swift */; };
		882D71B42BF422A000538D51 /* SpectrogramController.swift in Sources */ = {isa = PBXBuildFile; fileRef = 882D71B32BF422A000538D51 /* SpectrogramController.swift */; };
		8837C56D2A2D29AF00F29182 /* EditableLabel.swift in Sources */ = {isa = PBXBuildFile; fileRef = 8837C56C2A2D29AF00F29182 /* EditableLabel.swift */; };
		8838DB0B2BF95E74001A25F2 /* RingBuffer.swift in Sources */ = {isa = PBXBuildFile; fileRef = 8838DB0A2BF95E74001A25F2 /* RingBuffer.swift */; };
		884B0DF52A4F792A00D16304 /* RubyGateway in Frameworks */ = {isa = PBXBuildFile; productRef = 884B0DF42A4F792A00D16304 /* RubyGateway */; };
		884B0DF72A50BE6B00D16304 /* DatavyuView.swift in Sources */ = {isa = PBXBuildFile; fileRef = 884B0DF62A50BE6B00D16304 /* DatavyuView.swift */; };
		884B0DF92A50CB1B00D16304 /* CodeEditorAddCodeButton.swift in Sources */ = {isa = PBXBuildFile; fileRef = 884B0DF82A50CB1B00D16304 /* CodeEditorAddCodeButton.swift */; };
		884B0DFC2A50CC3900D16304 /* CodeEditorRow.swift in Sources */ = {isa = PBXBuildFile; fileRef = 884B0DFB2A50CC3900D16304 /* CodeEditorRow.swift */; };
		884B0DFE2A50CDCE00D16304 /* README.md in Resources */ = {isa = PBXBuildFile; fileRef = 884B0DFD2A50CDCE00D16304 /* README.md */; };
		884CBB552A6DF8F600D5DBA8 /* ColumnNameDialog.swift in Sources */ = {isa = PBXBuildFile; fileRef = 884CBB542A6DF8F600D5DBA8 /* ColumnNameDialog.swift */; };
		885411852B463924006A86C0 /* WrappedHStack.swift in Sources */ = {isa = PBXBuildFile; fileRef = 885411842B463924006A86C0 /* WrappedHStack.swift */; };
		8861C4142BFA586E00DD180D /* SpectrogramVideoBuilder.swift in Sources */ = {isa = PBXBuildFile; fileRef = 8861C4132BFA586E00DD180D /* SpectrogramVideoBuilder.swift */; };
		8861C4162BFA5DC900DD180D /* AVAsset.swift in Sources */ = {isa = PBXBuildFile; fileRef = 8861C4152BFA5DC900DD180D /* AVAsset.swift */; };
		8861C4182C014A3500DD180D /* SpectrogramProgressView.swift in Sources */ = {isa = PBXBuildFile; fileRef = 8861C4172C014A3500DD180D /* SpectrogramProgressView.swift */; };
		8861C41F2C0155C900DD180D /* AVPlayer+ACBHelper.m in Sources */ = {isa = PBXBuildFile; fileRef = 8861C41B2C0155C800DD180D /* AVPlayer+ACBHelper.m */; };
		8861C4202C0155C900DD180D /* MYAudioTapProcessor.m in Sources */ = {isa = PBXBuildFile; fileRef = 8861C41C2C0155C800DD180D /* MYAudioTapProcessor.m */; };
		8861C4212C0155C900DD180D /* ACBAudioProcessHelper.m in Sources */ = {isa = PBXBuildFile; fileRef = 8861C41E2C0155C900DD180D /* ACBAudioProcessHelper.m */; };
		8861C4232C02939200DD180D /* CMSampleBufferFactory.swift in Sources */ = {isa = PBXBuildFile; fileRef = 8861C4222C02939200DD180D /* CMSampleBufferFactory.swift */; };
		8861C4252C02A4C900DD180D /* SpeechRecognizer.swift in Sources */ = {isa = PBXBuildFile; fileRef = 8861C4242C02A4C900DD180D /* SpeechRecognizer.swift */; };
		8861C4282C02B76F00DD180D /* WhisperKit in Frameworks */ = {isa = PBXBuildFile; productRef = 8861C4272C02B76F00DD180D /* WhisperKit */; };
		886540862B76DE5A00D2BF0A /* ArgumentTextField.swift in Sources */ = {isa = PBXBuildFile; fileRef = 886540852B76DE5A00D2BF0A /* ArgumentTextField.swift */; };
		886F73962BF54982006383BE /* SpectrogramView.swift in Sources */ = {isa = PBXBuildFile; fileRef = 886F73952BF54982006383BE /* SpectrogramView.swift */; };
		8878A60E2A2D698900A2658C /* CodeEditorView.swift in Sources */ = {isa = PBXBuildFile; fileRef = 8878A60D2A2D698900A2658C /* CodeEditorView.swift */; };
		8878A6102A2FBC8700A2658C /* Config.swift in Sources */ = {isa = PBXBuildFile; fileRef = 8878A60F2A2FBC8700A2658C /* Config.swift */; };
		8878A6132A3026E100A2658C /* RubyScriptEngine.swift in Sources */ = {isa = PBXBuildFile; fileRef = 8878A6122A3026E100A2658C /* RubyScriptEngine.swift */; };
		8878A6152A30275900A2658C /* RScriptEngine.swift in Sources */ = {isa = PBXBuildFile; fileRef = 8878A6142A30275900A2658C /* RScriptEngine.swift */; };
		8878A6172A30279700A2658C /* PythonScriptEngine.swift in Sources */ = {isa = PBXBuildFile; fileRef = 8878A6162A30279700A2658C /* PythonScriptEngine.swift */; };
		8878A61A2A3027F500A2658C /* DatavyuAPI.swift in Sources */ = {isa = PBXBuildFile; fileRef = 8878A6192A3027F500A2658C /* DatavyuAPI.swift */; };
		8878A61C2A352A5200A2658C /* MillisTimeFormatter.swift in Sources */ = {isa = PBXBuildFile; fileRef = 8878A61B2A352A5200A2658C /* MillisTimeFormatter.swift */; };
		8878A6212A3FD4A100A2658C /* TracksStackView.swift in Sources */ = {isa = PBXBuildFile; fileRef = 8878A6202A3FD4A100A2658C /* TracksStackView.swift */; };
		8878A6232A3FD81900A2658C /* TrackView.swift in Sources */ = {isa = PBXBuildFile; fileRef = 8878A6222A3FD81900A2658C /* TrackView.swift */; };
		8878A6252A3FE75200A2658C /* VideoHelpers.swift in Sources */ = {isa = PBXBuildFile; fileRef = 8878A6242A3FE75200A2658C /* VideoHelpers.swift */; };
		8878A6272A3FE93700A2658C /* FileController.swift in Sources */ = {isa = PBXBuildFile; fileRef = 8878A6262A3FE93700A2658C /* FileController.swift */; };
		8878A6362A411F9B00A2658C /* FileModel.swift in Sources */ = {isa = PBXBuildFile; fileRef = 8878A6352A411F9B00A2658C /* FileModel.swift */; };
		8878A6382A41305E00A2658C /* ClockView.swift in Sources */ = {isa = PBXBuildFile; fileRef = 8878A6372A41305E00A2658C /* ClockView.swift */; };
		8878A63A2A427C6000A2658C /* MarkerModel.swift in Sources */ = {isa = PBXBuildFile; fileRef = 8878A6392A427C6000A2658C /* MarkerModel.swift */; };
		887B1A3C2B49CA59004068FA /* HierarchyResponder in Frameworks */ = {isa = PBXBuildFile; productRef = 887B1A3B2B49CA59004068FA /* HierarchyResponder */; };
		888C04102C03C24200EFFDEE /* CellTextController.swift in Sources */ = {isa = PBXBuildFile; fileRef = 888C040F2C03C24200EFFDEE /* CellTextController.swift */; };
		888C04142C03DC3D00EFFDEE /* CellTextField.swift in Sources */ = {isa = PBXBuildFile; fileRef = 888C04132C03DC3D00EFFDEE /* CellTextField.swift */; };
		888C04172C04DB4D00EFFDEE /* TranscriptionSettingsView.swift in Sources */ = {isa = PBXBuildFile; fileRef = 888C04162C04DB4D00EFFDEE /* TranscriptionSettingsView.swift */; };
		888C04192C05092C00EFFDEE /* Paths.swift in Sources */ = {isa = PBXBuildFile; fileRef = 888C04182C05092C00EFFDEE /* Paths.swift */; };
		888C041B2C055D7600EFFDEE /* AppState.swift in Sources */ = {isa = PBXBuildFile; fileRef = 888C041A2C055D7600EFFDEE /* AppState.swift */; };
		888C041D2C06778700EFFDEE /* OrdinalCollectionViewLayout.swift in Sources */ = {isa = PBXBuildFile; fileRef = 888C041C2C06778700EFFDEE /* OrdinalCollectionViewLayout.swift */; };
		888C04202C07DCC100EFFDEE /* Logging in Frameworks */ = {isa = PBXBuildFile; productRef = 888C041F2C07DCC100EFFDEE /* Logging */; };
		88BFE4252A9BE78F00B37DC3 /* CodeEditorRemoveCodeButton.swift in Sources */ = {isa = PBXBuildFile; fileRef = 88BFE4242A9BE78F00B37DC3 /* CodeEditorRemoveCodeButton.swift */; };
		88BFE4292A9D13FC00B37DC3 /* DSWaveformImage in Frameworks */ = {isa = PBXBuildFile; productRef = 88BFE4282A9D13FC00B37DC3 /* DSWaveformImage */; };
		88BFE42B2A9D13FC00B37DC3 /* DSWaveformImageViews in Frameworks */ = {isa = PBXBuildFile; productRef = 88BFE42A2A9D13FC00B37DC3 /* DSWaveformImageViews */; };
		88BFE42D2A9D25CB00B37DC3 /* WaveformViewDV.swift in Sources */ = {isa = PBXBuildFile; fileRef = 88BFE42C2A9D25CB00B37DC3 /* WaveformViewDV.swift */; };
		88BFE4322A9E9E8700B37DC3 /* ArgumentFocusModel.swift in Sources */ = {isa = PBXBuildFile; fileRef = 88BFE4312A9E9E8700B37DC3 /* ArgumentFocusModel.swift */; };
		88CE94532AA25E69000E8DFB /* FileControllerModel.swift in Sources */ = {isa = PBXBuildFile; fileRef = 88CE94522AA25E69000E8DFB /* FileControllerModel.swift */; };
		88CE94562AA81359000E8DFB /* ColumnListView.swift in Sources */ = {isa = PBXBuildFile; fileRef = 88CE94552AA81359000E8DFB /* ColumnListView.swift */; };
		88D3FE372A4DE12A0094F953 /* TrackPositionIndicator.swift in Sources */ = {isa = PBXBuildFile; fileRef = 88D3FE362A4DE12A0094F953 /* TrackPositionIndicator.swift */; };
		88E094752B69B5AB00A93660 /* CellViewUIKit.swift in Sources */ = {isa = PBXBuildFile; fileRef = 88E094732B69B5AB00A93660 /* CellViewUIKit.swift */; };
		88E094762B69B5AB00A93660 /* CellViewUIKit.xib in Resources */ = {isa = PBXBuildFile; fileRef = 88E094742B69B5AB00A93660 /* CellViewUIKit.xib */; };
		88E094792B69B81A00A93660 /* ArgumentViewUIKit.swift in Sources */ = {isa = PBXBuildFile; fileRef = 88E094772B69B81A00A93660 /* ArgumentViewUIKit.swift */; };
		88E0947A2B69B81A00A93660 /* ArgumentViewUIKit.xib in Resources */ = {isa = PBXBuildFile; fileRef = 88E094782B69B81A00A93660 /* ArgumentViewUIKit.xib */; };
		88E0947C2B69D8FA00A93660 /* TimestampTransformer.swift in Sources */ = {isa = PBXBuildFile; fileRef = 88E0947B2B69D8FA00A93660 /* TimestampTransformer.swift */; };
		88E0947F2B6AAD5600A93660 /* CellTimeView.swift in Sources */ = {isa = PBXBuildFile; fileRef = 88E0947E2B6AAD5600A93660 /* CellTimeView.swift */; };
		88EF5ABF2A9ED19400D1EADA /* MelSpectrogram.swift in Sources */ = {isa = PBXBuildFile; fileRef = 88EF5ABA2A9ED19400D1EADA /* MelSpectrogram.swift */; };
		88EF5AC12A9ED19400D1EADA /* AudioSpectrogram+AVCaptureAudioDataOutputSampleBufferDelegate.swift in Sources */ = {isa = PBXBuildFile; fileRef = 88EF5ABC2A9ED19400D1EADA /* AudioSpectrogram+AVCaptureAudioDataOutputSampleBufferDelegate.swift */; };
		88EF5AC22A9ED19400D1EADA /* AudioSpectrogram.swift in Sources */ = {isa = PBXBuildFile; fileRef = 88EF5ABD2A9ED19400D1EADA /* AudioSpectrogram.swift */; };
		88F62E982A58B05500DC5B60 /* StringExtensions.swift in Sources */ = {isa = PBXBuildFile; fileRef = 88F62E972A58B05500DC5B60 /* StringExtensions.swift */; };
		88F62E9B2A58BDD700DC5B60 /* DatavyuErrors.swift in Sources */ = {isa = PBXBuildFile; fileRef = 88F62E9A2A58BDD700DC5B60 /* DatavyuErrors.swift */; };
		88F62E9E2A58CEA800DC5B60 /* ZIPFoundation in Frameworks */ = {isa = PBXBuildFile; productRef = 88F62E9D2A58CEA800DC5B60 /* ZIPFoundation */; };
		88F62EA12A58D51600DC5B60 /* Yams in Frameworks */ = {isa = PBXBuildFile; productRef = 88F62EA02A58D51600DC5B60 /* Yams */; };
		88F62EA32A5A012400DC5B60 /* IOModels.swift in Sources */ = {isa = PBXBuildFile; fileRef = 88F62EA22A5A012400DC5B60 /* IOModels.swift */; };
		88F62EA52A5A041200DC5B60 /* TimeHelpers.swift in Sources */ = {isa = PBXBuildFile; fileRef = 88F62EA42A5A041200DC5B60 /* TimeHelpers.swift */; };
		88F62EA82A5E1D2300DC5B60 /* Vapor in Frameworks */ = {isa = PBXBuildFile; productRef = 88F62EA72A5E1D2300DC5B60 /* Vapor */; };
		88F62EAB2A5E230800DC5B60 /* Leaf in Frameworks */ = {isa = PBXBuildFile; productRef = 88F62EAA2A5E230800DC5B60 /* Leaf */; };
		88F8A9322A993954001EEB21 /* ControllerButton.swift in Sources */ = {isa = PBXBuildFile; fileRef = 88F8A9312A993954001EEB21 /* ControllerButton.swift */; };
		88F8A9342A9A56FB001EEB21 /* ControllerPanelView.swift in Sources */ = {isa = PBXBuildFile; fileRef = 88F8A9332A9A56FB001EEB21 /* ControllerPanelView.swift */; };
/* End PBXBuildFile section */

/* Begin PBXContainerItemProxy section */
		881A39B72A242D4700B4782D /* PBXContainerItemProxy */ = {
			isa = PBXContainerItemProxy;
			containerPortal = 881A399D2A242D4600B4782D /* Project object */;
			proxyType = 1;
			remoteGlobalIDString = 881A39A42A242D4600B4782D;
			remoteInfo = sheettest;
		};
		881A39C12A242D4700B4782D /* PBXContainerItemProxy */ = {
			isa = PBXContainerItemProxy;
			containerPortal = 881A399D2A242D4600B4782D /* Project object */;
			proxyType = 1;
			remoteGlobalIDString = 881A39A42A242D4600B4782D;
			remoteInfo = sheettest;
		};
/* End PBXContainerItemProxy section */

/* Begin PBXFileReference section */
		880CBC8A2B3B699D00D7701F /* TemporalLayoutUIKit.swift */ = {isa = PBXFileReference; lastKnownFileType = sourcecode.swift; path = TemporalLayoutUIKit.swift; sourceTree = "<group>"; };
		880CBD122B3FB61500D7701F /* TemporalCollectionViewLayout.swift */ = {isa = PBXFileReference; lastKnownFileType = sourcecode.swift; path = TemporalCollectionViewLayout.swift; sourceTree = "<group>"; };
		88140FCC2A5218100095DB5A /* OptionsView.swift */ = {isa = PBXFileReference; lastKnownFileType = sourcecode.swift; path = OptionsView.swift; sourceTree = "<group>"; };
		881A39A52A242D4600B4782D /* Datavyu2.app */ = {isa = PBXFileReference; explicitFileType = wrapper.application; includeInIndex = 0; path = Datavyu2.app; sourceTree = BUILT_PRODUCTS_DIR; };
		881A39A82A242D4600B4782D /* sheettestApp.swift */ = {isa = PBXFileReference; lastKnownFileType = sourcecode.swift; path = sheettestApp.swift; sourceTree = "<group>"; };
		881A39AA2A242D4600B4782D /* ContentView.swift */ = {isa = PBXFileReference; fileEncoding = 4; lastKnownFileType = sourcecode.swift; lineEnding = 0; path = ContentView.swift; sourceTree = "<group>"; };
		881A39AC2A242D4700B4782D /* Assets.xcassets */ = {isa = PBXFileReference; lastKnownFileType = folder.assetcatalog; path = Assets.xcassets; sourceTree = "<group>"; };
		881A39AF2A242D4700B4782D /* Preview Assets.xcassets */ = {isa = PBXFileReference; lastKnownFileType = folder.assetcatalog; path = "Preview Assets.xcassets"; sourceTree = "<group>"; };
		881A39B12A242D4700B4782D /* datavyu.entitlements */ = {isa = PBXFileReference; lastKnownFileType = text.plist.entitlements; path = datavyu.entitlements; sourceTree = "<group>"; };
		881A39B62A242D4700B4782D /* datavyuTests.xctest */ = {isa = PBXFileReference; explicitFileType = wrapper.cfbundle; includeInIndex = 0; path = datavyuTests.xctest; sourceTree = BUILT_PRODUCTS_DIR; };
		881A39BA2A242D4700B4782D /* sheettestTests.swift */ = {isa = PBXFileReference; lastKnownFileType = sourcecode.swift; path = sheettestTests.swift; sourceTree = "<group>"; };
		881A39C02A242D4700B4782D /* datavyuUITests.xctest */ = {isa = PBXFileReference; explicitFileType = wrapper.cfbundle; includeInIndex = 0; path = datavyuUITests.xctest; sourceTree = BUILT_PRODUCTS_DIR; };
		881A39C42A242D4700B4782D /* sheettestUITests.swift */ = {isa = PBXFileReference; lastKnownFileType = sourcecode.swift; path = sheettestUITests.swift; sourceTree = "<group>"; };
		881A39C62A242D4700B4782D /* sheettestUITestsLaunchTests.swift */ = {isa = PBXFileReference; lastKnownFileType = sourcecode.swift; path = sheettestUITestsLaunchTests.swift; sourceTree = "<group>"; };
		881A39EB2A2A888100B4782D /* CellModel.swift */ = {isa = PBXFileReference; lastKnownFileType = sourcecode.swift; path = CellModel.swift; sourceTree = "<group>"; };
		881A39F02A2A8D6200B4782D /* SheetModel.swift */ = {isa = PBXFileReference; lastKnownFileType = sourcecode.swift; path = SheetModel.swift; sourceTree = "<group>"; };
		881A39F22A2A8D8700B4782D /* ColumnModel.swift */ = {isa = PBXFileReference; lastKnownFileType = sourcecode.swift; path = ColumnModel.swift; sourceTree = "<group>"; };
		881A39F42A2A917E00B4782D /* ArgumentModel.swift */ = {isa = PBXFileReference; lastKnownFileType = sourcecode.swift; path = ArgumentModel.swift; sourceTree = "<group>"; };
		881A39F62A2A9D5900B4782D /* SheetView.swift */ = {isa = PBXFileReference; lastKnownFileType = sourcecode.swift; path = SheetView.swift; sourceTree = "<group>"; };
		881A39FA2A2AB66900B4782D /* VideoView.swift */ = {isa = PBXFileReference; lastKnownFileType = sourcecode.swift; path = VideoView.swift; sourceTree = "<group>"; };
		881A39FF2A2BE73B00B4782D /* ControllerView.swift */ = {isa = PBXFileReference; lastKnownFileType = sourcecode.swift; name = ControllerView.swift; path = datavyu/Views/ControllerView.swift; sourceTree = SOURCE_ROOT; };
		881A3A012A2C0B6500B4782D /* VideoModel.swift */ = {isa = PBXFileReference; lastKnownFileType = sourcecode.swift; path = VideoModel.swift; sourceTree = "<group>"; };
		882D71A92BED9CE600538D51 /* Info.plist */ = {isa = PBXFileReference; lastKnownFileType = text.plist; path = Info.plist; sourceTree = "<group>"; };
		882D71AD2BEDAC0200538D51 /* FileExtensions.swift */ = {isa = PBXFileReference; lastKnownFileType = sourcecode.swift; path = FileExtensions.swift; sourceTree = "<group>"; };
		882D71AF2BF2AB6600538D51 /* ViewExtensions.swift */ = {isa = PBXFileReference; lastKnownFileType = sourcecode.swift; path = ViewExtensions.swift; sourceTree = "<group>"; };
		882D71B32BF422A000538D51 /* SpectrogramController.swift */ = {isa = PBXFileReference; lastKnownFileType = sourcecode.swift; path = SpectrogramController.swift; sourceTree = "<group>"; };
		882D72052BF5352700538D51 /* ACBAVPlayer.framework */ = {isa = PBXFileReference; lastKnownFileType = wrapper.framework; name = ACBAVPlayer.framework; path = ../ACBAVPlayer.framework; sourceTree = "<group>"; };
		882D720A2BF5367F00538D51 /* datavyu-Bridging-Header.h */ = {isa = PBXFileReference; lastKnownFileType = sourcecode.c.h; path = "datavyu-Bridging-Header.h"; sourceTree = "<group>"; };
		8837C56C2A2D29AF00F29182 /* EditableLabel.swift */ = {isa = PBXFileReference; lastKnownFileType = sourcecode.swift; path = EditableLabel.swift; sourceTree = "<group>"; };
		8838DB0A2BF95E74001A25F2 /* RingBuffer.swift */ = {isa = PBXFileReference; lastKnownFileType = sourcecode.swift; path = RingBuffer.swift; sourceTree = "<group>"; };
		884B0DF62A50BE6B00D16304 /* DatavyuView.swift */ = {isa = PBXFileReference; lastKnownFileType = sourcecode.swift; path = DatavyuView.swift; sourceTree = "<group>"; };
		884B0DF82A50CB1B00D16304 /* CodeEditorAddCodeButton.swift */ = {isa = PBXFileReference; lastKnownFileType = sourcecode.swift; path = CodeEditorAddCodeButton.swift; sourceTree = "<group>"; };
		884B0DFB2A50CC3900D16304 /* CodeEditorRow.swift */ = {isa = PBXFileReference; lastKnownFileType = sourcecode.swift; path = CodeEditorRow.swift; sourceTree = "<group>"; };
		884B0DFD2A50CDCE00D16304 /* README.md */ = {isa = PBXFileReference; fileEncoding = 4; lastKnownFileType = net.daringfireball.markdown; path = README.md; sourceTree = "<group>"; };
		884CBB542A6DF8F600D5DBA8 /* ColumnNameDialog.swift */ = {isa = PBXFileReference; lastKnownFileType = sourcecode.swift; path = ColumnNameDialog.swift; sourceTree = "<group>"; };
		885411842B463924006A86C0 /* WrappedHStack.swift */ = {isa = PBXFileReference; lastKnownFileType = sourcecode.swift; path = WrappedHStack.swift; sourceTree = "<group>"; };
		8861C4132BFA586E00DD180D /* SpectrogramVideoBuilder.swift */ = {isa = PBXFileReference; lastKnownFileType = sourcecode.swift; path = SpectrogramVideoBuilder.swift; sourceTree = "<group>"; };
		8861C4152BFA5DC900DD180D /* AVAsset.swift */ = {isa = PBXFileReference; lastKnownFileType = sourcecode.swift; path = AVAsset.swift; sourceTree = "<group>"; };
		8861C4172C014A3500DD180D /* SpectrogramProgressView.swift */ = {isa = PBXFileReference; lastKnownFileType = sourcecode.swift; path = SpectrogramProgressView.swift; sourceTree = "<group>"; };
		8861C4192C0155C800DD180D /* MYAudioTapProcessor.h */ = {isa = PBXFileReference; fileEncoding = 4; lastKnownFileType = sourcecode.c.h; path = MYAudioTapProcessor.h; sourceTree = "<group>"; };
		8861C41A2C0155C800DD180D /* AVPlayer+ACBHelper.h */ = {isa = PBXFileReference; fileEncoding = 4; lastKnownFileType = sourcecode.c.h; path = "AVPlayer+ACBHelper.h"; sourceTree = "<group>"; };
		8861C41B2C0155C800DD180D /* AVPlayer+ACBHelper.m */ = {isa = PBXFileReference; fileEncoding = 4; lastKnownFileType = sourcecode.c.objc; path = "AVPlayer+ACBHelper.m"; sourceTree = "<group>"; };
		8861C41C2C0155C800DD180D /* MYAudioTapProcessor.m */ = {isa = PBXFileReference; fileEncoding = 4; lastKnownFileType = sourcecode.c.objc; path = MYAudioTapProcessor.m; sourceTree = "<group>"; };
		8861C41D2C0155C800DD180D /* ACBAudioProcessHelper.h */ = {isa = PBXFileReference; fileEncoding = 4; lastKnownFileType = sourcecode.c.h; path = ACBAudioProcessHelper.h; sourceTree = "<group>"; };
		8861C41E2C0155C900DD180D /* ACBAudioProcessHelper.m */ = {isa = PBXFileReference; fileEncoding = 4; lastKnownFileType = sourcecode.c.objc; path = ACBAudioProcessHelper.m; sourceTree = "<group>"; };
		8861C4222C02939200DD180D /* CMSampleBufferFactory.swift */ = {isa = PBXFileReference; lastKnownFileType = sourcecode.swift; path = CMSampleBufferFactory.swift; sourceTree = "<group>"; };
		8861C4242C02A4C900DD180D /* SpeechRecognizer.swift */ = {isa = PBXFileReference; lastKnownFileType = sourcecode.swift; path = SpeechRecognizer.swift; sourceTree = "<group>"; };
		886540852B76DE5A00D2BF0A /* ArgumentTextField.swift */ = {isa = PBXFileReference; lastKnownFileType = sourcecode.swift; path = ArgumentTextField.swift; sourceTree = "<group>"; };
		886F73952BF54982006383BE /* SpectrogramView.swift */ = {isa = PBXFileReference; lastKnownFileType = sourcecode.swift; path = SpectrogramView.swift; sourceTree = "<group>"; };
		8878A60D2A2D698900A2658C /* CodeEditorView.swift */ = {isa = PBXFileReference; lastKnownFileType = sourcecode.swift; path = CodeEditorView.swift; sourceTree = "<group>"; };
		8878A60F2A2FBC8700A2658C /* Config.swift */ = {isa = PBXFileReference; lastKnownFileType = sourcecode.swift; path = Config.swift; sourceTree = "<group>"; };
		8878A6122A3026E100A2658C /* RubyScriptEngine.swift */ = {isa = PBXFileReference; lastKnownFileType = sourcecode.swift; path = RubyScriptEngine.swift; sourceTree = "<group>"; };
		8878A6142A30275900A2658C /* RScriptEngine.swift */ = {isa = PBXFileReference; lastKnownFileType = sourcecode.swift; path = RScriptEngine.swift; sourceTree = "<group>"; };
		8878A6162A30279700A2658C /* PythonScriptEngine.swift */ = {isa = PBXFileReference; lastKnownFileType = sourcecode.swift; path = PythonScriptEngine.swift; sourceTree = "<group>"; };
		8878A6192A3027F500A2658C /* DatavyuAPI.swift */ = {isa = PBXFileReference; lastKnownFileType = sourcecode.swift; path = DatavyuAPI.swift; sourceTree = "<group>"; };
		8878A61B2A352A5200A2658C /* MillisTimeFormatter.swift */ = {isa = PBXFileReference; lastKnownFileType = sourcecode.swift; path = MillisTimeFormatter.swift; sourceTree = "<group>"; };
		8878A6202A3FD4A100A2658C /* TracksStackView.swift */ = {isa = PBXFileReference; lastKnownFileType = sourcecode.swift; path = TracksStackView.swift; sourceTree = "<group>"; };
		8878A6222A3FD81900A2658C /* TrackView.swift */ = {isa = PBXFileReference; lastKnownFileType = sourcecode.swift; path = TrackView.swift; sourceTree = "<group>"; };
		8878A6242A3FE75200A2658C /* VideoHelpers.swift */ = {isa = PBXFileReference; lastKnownFileType = sourcecode.swift; path = VideoHelpers.swift; sourceTree = "<group>"; };
		8878A6262A3FE93700A2658C /* FileController.swift */ = {isa = PBXFileReference; lastKnownFileType = sourcecode.swift; path = FileController.swift; sourceTree = "<group>"; };
		8878A6352A411F9B00A2658C /* FileModel.swift */ = {isa = PBXFileReference; lastKnownFileType = sourcecode.swift; path = FileModel.swift; sourceTree = "<group>"; };
		8878A6372A41305E00A2658C /* ClockView.swift */ = {isa = PBXFileReference; lastKnownFileType = sourcecode.swift; path = ClockView.swift; sourceTree = "<group>"; };
		8878A6392A427C6000A2658C /* MarkerModel.swift */ = {isa = PBXFileReference; lastKnownFileType = sourcecode.swift; path = MarkerModel.swift; sourceTree = "<group>"; };
		888C040F2C03C24200EFFDEE /* CellTextController.swift */ = {isa = PBXFileReference; lastKnownFileType = sourcecode.swift; path = CellTextController.swift; sourceTree = "<group>"; };
		888C04132C03DC3D00EFFDEE /* CellTextField.swift */ = {isa = PBXFileReference; lastKnownFileType = sourcecode.swift; path = CellTextField.swift; sourceTree = "<group>"; };
		888C04162C04DB4D00EFFDEE /* TranscriptionSettingsView.swift */ = {isa = PBXFileReference; lastKnownFileType = sourcecode.swift; path = TranscriptionSettingsView.swift; sourceTree = "<group>"; };
		888C04182C05092C00EFFDEE /* Paths.swift */ = {isa = PBXFileReference; lastKnownFileType = sourcecode.swift; path = Paths.swift; sourceTree = "<group>"; };
		888C041A2C055D7600EFFDEE /* AppState.swift */ = {isa = PBXFileReference; lastKnownFileType = sourcecode.swift; path = AppState.swift; sourceTree = "<group>"; };
		888C041C2C06778700EFFDEE /* OrdinalCollectionViewLayout.swift */ = {isa = PBXFileReference; lastKnownFileType = sourcecode.swift; path = OrdinalCollectionViewLayout.swift; sourceTree = "<group>"; };
		88BFE4242A9BE78F00B37DC3 /* CodeEditorRemoveCodeButton.swift */ = {isa = PBXFileReference; lastKnownFileType = sourcecode.swift; path = CodeEditorRemoveCodeButton.swift; sourceTree = "<group>"; };
		88BFE42C2A9D25CB00B37DC3 /* WaveformViewDV.swift */ = {isa = PBXFileReference; lastKnownFileType = sourcecode.swift; path = WaveformViewDV.swift; sourceTree = "<group>"; };
		88BFE4312A9E9E8700B37DC3 /* ArgumentFocusModel.swift */ = {isa = PBXFileReference; lastKnownFileType = sourcecode.swift; path = ArgumentFocusModel.swift; sourceTree = "<group>"; };
		88CE94522AA25E69000E8DFB /* FileControllerModel.swift */ = {isa = PBXFileReference; lastKnownFileType = sourcecode.swift; path = FileControllerModel.swift; sourceTree = "<group>"; };
		88CE94552AA81359000E8DFB /* ColumnListView.swift */ = {isa = PBXFileReference; lastKnownFileType = sourcecode.swift; path = ColumnListView.swift; sourceTree = "<group>"; };
		88D3FE362A4DE12A0094F953 /* TrackPositionIndicator.swift */ = {isa = PBXFileReference; lastKnownFileType = sourcecode.swift; path = TrackPositionIndicator.swift; sourceTree = "<group>"; };
		88E094732B69B5AB00A93660 /* CellViewUIKit.swift */ = {isa = PBXFileReference; lastKnownFileType = sourcecode.swift; path = CellViewUIKit.swift; sourceTree = "<group>"; };
		88E094742B69B5AB00A93660 /* CellViewUIKit.xib */ = {isa = PBXFileReference; lastKnownFileType = file.xib; path = CellViewUIKit.xib; sourceTree = "<group>"; };
		88E094772B69B81A00A93660 /* ArgumentViewUIKit.swift */ = {isa = PBXFileReference; lastKnownFileType = sourcecode.swift; path = ArgumentViewUIKit.swift; sourceTree = "<group>"; };
		88E094782B69B81A00A93660 /* ArgumentViewUIKit.xib */ = {isa = PBXFileReference; lastKnownFileType = file.xib; path = ArgumentViewUIKit.xib; sourceTree = "<group>"; };
		88E0947B2B69D8FA00A93660 /* TimestampTransformer.swift */ = {isa = PBXFileReference; lastKnownFileType = sourcecode.swift; path = TimestampTransformer.swift; sourceTree = "<group>"; };
		88E0947E2B6AAD5600A93660 /* CellTimeView.swift */ = {isa = PBXFileReference; lastKnownFileType = sourcecode.swift; path = CellTimeView.swift; sourceTree = "<group>"; };
		88EF5ABA2A9ED19400D1EADA /* MelSpectrogram.swift */ = {isa = PBXFileReference; fileEncoding = 4; lastKnownFileType = sourcecode.swift; path = MelSpectrogram.swift; sourceTree = "<group>"; };
		88EF5ABC2A9ED19400D1EADA /* AudioSpectrogram+AVCaptureAudioDataOutputSampleBufferDelegate.swift */ = {isa = PBXFileReference; fileEncoding = 4; lastKnownFileType = sourcecode.swift; path = "AudioSpectrogram+AVCaptureAudioDataOutputSampleBufferDelegate.swift"; sourceTree = "<group>"; };
		88EF5ABD2A9ED19400D1EADA /* AudioSpectrogram.swift */ = {isa = PBXFileReference; fileEncoding = 4; lastKnownFileType = sourcecode.swift; path = AudioSpectrogram.swift; sourceTree = "<group>"; };
		88F62E972A58B05500DC5B60 /* StringExtensions.swift */ = {isa = PBXFileReference; lastKnownFileType = sourcecode.swift; path = StringExtensions.swift; sourceTree = "<group>"; };
		88F62E9A2A58BDD700DC5B60 /* DatavyuErrors.swift */ = {isa = PBXFileReference; lastKnownFileType = sourcecode.swift; path = DatavyuErrors.swift; sourceTree = "<group>"; };
		88F62EA22A5A012400DC5B60 /* IOModels.swift */ = {isa = PBXFileReference; lastKnownFileType = sourcecode.swift; path = IOModels.swift; sourceTree = "<group>"; };
		88F62EA42A5A041200DC5B60 /* TimeHelpers.swift */ = {isa = PBXFileReference; lastKnownFileType = sourcecode.swift; path = TimeHelpers.swift; sourceTree = "<group>"; };
		88F8A9312A993954001EEB21 /* ControllerButton.swift */ = {isa = PBXFileReference; lastKnownFileType = sourcecode.swift; path = ControllerButton.swift; sourceTree = "<group>"; };
		88F8A9332A9A56FB001EEB21 /* ControllerPanelView.swift */ = {isa = PBXFileReference; lastKnownFileType = sourcecode.swift; path = ControllerPanelView.swift; sourceTree = "<group>"; };
/* End PBXFileReference section */

/* Begin PBXFrameworksBuildPhase section */
		881A39A22A242D4600B4782D /* Frameworks */ = {
			isa = PBXFrameworksBuildPhase;
			buildActionMask = 2147483647;
			files = (
				88BFE4292A9D13FC00B37DC3 /* DSWaveformImage in Frameworks */,
				8861C4282C02B76F00DD180D /* WhisperKit in Frameworks */,
				88F62EA12A58D51600DC5B60 /* Yams in Frameworks */,
				881A39D52A253A4900B4782D /* WrappingHStack in Frameworks */,
				88F62EA82A5E1D2300DC5B60 /* Vapor in Frameworks */,
				884B0DF52A4F792A00D16304 /* RubyGateway in Frameworks */,
				88BFE42B2A9D13FC00B37DC3 /* DSWaveformImageViews in Frameworks */,
				888C04202C07DCC100EFFDEE /* Logging in Frameworks */,
				88F62EAB2A5E230800DC5B60 /* Leaf in Frameworks */,
				88F62E9E2A58CEA800DC5B60 /* ZIPFoundation in Frameworks */,
				887B1A3C2B49CA59004068FA /* HierarchyResponder in Frameworks */,
			);
			runOnlyForDeploymentPostprocessing = 0;
		};
		881A39B32A242D4700B4782D /* Frameworks */ = {
			isa = PBXFrameworksBuildPhase;
			buildActionMask = 2147483647;
			files = (
			);
			runOnlyForDeploymentPostprocessing = 0;
		};
		881A39BD2A242D4700B4782D /* Frameworks */ = {
			isa = PBXFrameworksBuildPhase;
			buildActionMask = 2147483647;
			files = (
			);
			runOnlyForDeploymentPostprocessing = 0;
		};
/* End PBXFrameworksBuildPhase section */

/* Begin PBXGroup section */
		88140FCB2A5217FE0095DB5A /* Options */ = {
			isa = PBXGroup;
			children = (
				88140FCC2A5218100095DB5A /* OptionsView.swift */,
			);
			path = Options;
			sourceTree = "<group>";
		};
		881A399C2A242D4600B4782D = {
			isa = PBXGroup;
			children = (
				884B0DFD2A50CDCE00D16304 /* README.md */,
				881A39A72A242D4600B4782D /* datavyu */,
				881A39B92A242D4700B4782D /* sheettestTests */,
				881A39C32A242D4700B4782D /* sheettestUITests */,
				881A39A62A242D4600B4782D /* Products */,
				882D72042BF5352700538D51 /* Frameworks */,
			);
			sourceTree = "<group>";
		};
		881A39A62A242D4600B4782D /* Products */ = {
			isa = PBXGroup;
			children = (
				881A39A52A242D4600B4782D /* Datavyu2.app */,
				881A39B62A242D4700B4782D /* datavyuTests.xctest */,
				881A39C02A242D4700B4782D /* datavyuUITests.xctest */,
			);
			name = Products;
			sourceTree = "<group>";
		};
		881A39A72A242D4600B4782D /* datavyu */ = {
			isa = PBXGroup;
			children = (
				882D71A92BED9CE600538D51 /* Info.plist */,
				88BFE42E2A9D264300B37DC3 /* Visualizations */,
				88F62E992A58BDCA00DC5B60 /* Errors */,
				8878A62A2A3FED2E00A2658C /* Helpers */,
				8878A6112A3026CB00A2658C /* Scripting */,
				885CC2AC2A2D3E9A00AA5304 /* Extensions */,
				881A39FE2A2BE15700B4782D /* IO */,
				881A39EA2A2A887100B4782D /* Models */,
				881A39E92A2A886400B4782D /* Views */,
				881A39E62A2A880E00B4782D /* Formatters */,
				881A39A82A242D4600B4782D /* sheettestApp.swift */,
				881A39AA2A242D4600B4782D /* ContentView.swift */,
				881A39AC2A242D4700B4782D /* Assets.xcassets */,
				881A39B12A242D4700B4782D /* datavyu.entitlements */,
				881A39AE2A242D4700B4782D /* Preview Content */,
				8878A60F2A2FBC8700A2658C /* Config.swift */,
			);
			path = datavyu;
			sourceTree = "<group>";
		};
		881A39AE2A242D4700B4782D /* Preview Content */ = {
			isa = PBXGroup;
			children = (
				881A39AF2A242D4700B4782D /* Preview Assets.xcassets */,
			);
			path = "Preview Content";
			sourceTree = "<group>";
		};
		881A39B92A242D4700B4782D /* sheettestTests */ = {
			isa = PBXGroup;
			children = (
				881A39BA2A242D4700B4782D /* sheettestTests.swift */,
			);
			path = sheettestTests;
			sourceTree = "<group>";
		};
		881A39C32A242D4700B4782D /* sheettestUITests */ = {
			isa = PBXGroup;
			children = (
				881A39C42A242D4700B4782D /* sheettestUITests.swift */,
				881A39C62A242D4700B4782D /* sheettestUITestsLaunchTests.swift */,
			);
			path = sheettestUITests;
			sourceTree = "<group>";
		};
		881A39E62A2A880E00B4782D /* Formatters */ = {
			isa = PBXGroup;
			children = (
				8878A61B2A352A5200A2658C /* MillisTimeFormatter.swift */,
			);
			path = Formatters;
			sourceTree = "<group>";
		};
		881A39E92A2A886400B4782D /* Views */ = {
			isa = PBXGroup;
			children = (
				888C04152C04DB3D00EFFDEE /* Transcription */,
				88E0947D2B6AAD2900A93660 /* Cell */,
				88CE94542AA81345000E8DFB /* ColumnList */,
				88140FCB2A5217FE0095DB5A /* Options */,
				884B0DFA2A50CC2300D16304 /* CodeEditor */,
				8878A62E2A3FFCB600A2658C /* Audio */,
				8878A61D2A38D97500A2658C /* Layouts */,
				8837C56B2A2D299B00F29182 /* Components */,
				881A39F62A2A9D5900B4782D /* SheetView.swift */,
				881A39FA2A2AB66900B4782D /* VideoView.swift */,
				881A39FF2A2BE73B00B4782D /* ControllerView.swift */,
				88F8A9332A9A56FB001EEB21 /* ControllerPanelView.swift */,
				8878A6202A3FD4A100A2658C /* TracksStackView.swift */,
				884B0DF62A50BE6B00D16304 /* DatavyuView.swift */,
			);
			path = Views;
			sourceTree = "<group>";
		};
		881A39EA2A2A887100B4782D /* Models */ = {
			isa = PBXGroup;
			children = (
				881A39EB2A2A888100B4782D /* CellModel.swift */,
				881A39F02A2A8D6200B4782D /* SheetModel.swift */,
				881A39F22A2A8D8700B4782D /* ColumnModel.swift */,
				881A39F42A2A917E00B4782D /* ArgumentModel.swift */,
				881A3A012A2C0B6500B4782D /* VideoModel.swift */,
				8878A6352A411F9B00A2658C /* FileModel.swift */,
				8878A6392A427C6000A2658C /* MarkerModel.swift */,
				88F62EA22A5A012400DC5B60 /* IOModels.swift */,
				88BFE4312A9E9E8700B37DC3 /* ArgumentFocusModel.swift */,
				88CE94522AA25E69000E8DFB /* FileControllerModel.swift */,
				888C041A2C055D7600EFFDEE /* AppState.swift */,
			);
			path = Models;
			sourceTree = "<group>";
		};
		881A39FE2A2BE15700B4782D /* IO */ = {
			isa = PBXGroup;
			children = (
				8878A6262A3FE93700A2658C /* FileController.swift */,
				8861C4132BFA586E00DD180D /* SpectrogramVideoBuilder.swift */,
				888C040F2C03C24200EFFDEE /* CellTextController.swift */,
			);
			path = IO;
			sourceTree = "<group>";
		};
		882D72042BF5352700538D51 /* Frameworks */ = {
			isa = PBXGroup;
			children = (
				882D72052BF5352700538D51 /* ACBAVPlayer.framework */,
			);
			name = Frameworks;
			sourceTree = "<group>";
		};
		882D72092BF5366C00538D51 /* AudioTap */ = {
			isa = PBXGroup;
			children = (
				8861C41D2C0155C800DD180D /* ACBAudioProcessHelper.h */,
				8861C41E2C0155C900DD180D /* ACBAudioProcessHelper.m */,
				8861C41A2C0155C800DD180D /* AVPlayer+ACBHelper.h */,
				8861C41B2C0155C800DD180D /* AVPlayer+ACBHelper.m */,
				8861C4192C0155C800DD180D /* MYAudioTapProcessor.h */,
				8861C41C2C0155C800DD180D /* MYAudioTapProcessor.m */,
				882D720A2BF5367F00538D51 /* datavyu-Bridging-Header.h */,
			);
			path = AudioTap;
			sourceTree = "<group>";
		};
		8837C56B2A2D299B00F29182 /* Components */ = {
			isa = PBXGroup;
			children = (
				8837C56C2A2D29AF00F29182 /* EditableLabel.swift */,
				8878A6222A3FD81900A2658C /* TrackView.swift */,
				8878A6372A41305E00A2658C /* ClockView.swift */,
				88D3FE362A4DE12A0094F953 /* TrackPositionIndicator.swift */,
				884CBB542A6DF8F600D5DBA8 /* ColumnNameDialog.swift */,
				88F8A9312A993954001EEB21 /* ControllerButton.swift */,
				885411842B463924006A86C0 /* WrappedHStack.swift */,
			);
			path = Components;
			sourceTree = "<group>";
		};
		884B0DFA2A50CC2300D16304 /* CodeEditor */ = {
			isa = PBXGroup;
			children = (
				88BFE4232A9BE74D00B37DC3 /* Components */,
				8878A60D2A2D698900A2658C /* CodeEditorView.swift */,
				884B0DFB2A50CC3900D16304 /* CodeEditorRow.swift */,
			);
			path = CodeEditor;
			sourceTree = "<group>";
		};
		885CC2AC2A2D3E9A00AA5304 /* Extensions */ = {
			isa = PBXGroup;
			children = (
				88F62E972A58B05500DC5B60 /* StringExtensions.swift */,
				882D71AD2BEDAC0200538D51 /* FileExtensions.swift */,
				882D71AF2BF2AB6600538D51 /* ViewExtensions.swift */,
				8861C4152BFA5DC900DD180D /* AVAsset.swift */,
			);
			path = Extensions;
			sourceTree = "<group>";
		};
		8878A6112A3026CB00A2658C /* Scripting */ = {
			isa = PBXGroup;
			children = (
				8878A6122A3026E100A2658C /* RubyScriptEngine.swift */,
				8878A6142A30275900A2658C /* RScriptEngine.swift */,
				8878A6162A30279700A2658C /* PythonScriptEngine.swift */,
				8878A6192A3027F500A2658C /* DatavyuAPI.swift */,
			);
			path = Scripting;
			sourceTree = "<group>";
		};
		8878A61D2A38D97500A2658C /* Layouts */ = {
			isa = PBXGroup;
			children = (
				880CBC8A2B3B699D00D7701F /* TemporalLayoutUIKit.swift */,
				880CBD122B3FB61500D7701F /* TemporalCollectionViewLayout.swift */,
				888C041C2C06778700EFFDEE /* OrdinalCollectionViewLayout.swift */,
			);
			path = Layouts;
			sourceTree = "<group>";
		};
		8878A62A2A3FED2E00A2658C /* Helpers */ = {
			isa = PBXGroup;
			children = (
				8878A6242A3FE75200A2658C /* VideoHelpers.swift */,
				88F62EA42A5A041200DC5B60 /* TimeHelpers.swift */,
				88E0947B2B69D8FA00A93660 /* TimestampTransformer.swift */,
				8838DB0A2BF95E74001A25F2 /* RingBuffer.swift */,
				8861C4222C02939200DD180D /* CMSampleBufferFactory.swift */,
				888C04182C05092C00EFFDEE /* Paths.swift */,
			);
			path = Helpers;
			sourceTree = "<group>";
		};
		8878A62E2A3FFCB600A2658C /* Audio */ = {
			isa = PBXGroup;
			children = (
				886F73952BF54982006383BE /* SpectrogramView.swift */,
				8861C4172C014A3500DD180D /* SpectrogramProgressView.swift */,
			);
			path = Audio;
			sourceTree = "<group>";
		};
		888C04152C04DB3D00EFFDEE /* Transcription */ = {
			isa = PBXGroup;
			children = (
				888C04162C04DB4D00EFFDEE /* TranscriptionSettingsView.swift */,
			);
			path = Transcription;
			sourceTree = "<group>";
		};
		88BFE4232A9BE74D00B37DC3 /* Components */ = {
			isa = PBXGroup;
			children = (
				884B0DF82A50CB1B00D16304 /* CodeEditorAddCodeButton.swift */,
				88BFE4242A9BE78F00B37DC3 /* CodeEditorRemoveCodeButton.swift */,
			);
			path = Components;
			sourceTree = "<group>";
		};
		88BFE42E2A9D264300B37DC3 /* Visualizations */ = {
			isa = PBXGroup;
			children = (
				882D72092BF5366C00538D51 /* AudioTap */,
				88EF5AB92A9ED17200D1EADA /* Spectrogram */,
				88BFE42C2A9D25CB00B37DC3 /* WaveformViewDV.swift */,
				882D71B32BF422A000538D51 /* SpectrogramController.swift */,
				8861C4242C02A4C900DD180D /* SpeechRecognizer.swift */,
			);
			path = Visualizations;
			sourceTree = "<group>";
		};
		88CE94542AA81345000E8DFB /* ColumnList */ = {
			isa = PBXGroup;
			children = (
				88CE94552AA81359000E8DFB /* ColumnListView.swift */,
			);
			path = ColumnList;
			sourceTree = "<group>";
		};
		88E0947D2B6AAD2900A93660 /* Cell */ = {
			isa = PBXGroup;
			children = (
				88E094732B69B5AB00A93660 /* CellViewUIKit.swift */,
				88E094742B69B5AB00A93660 /* CellViewUIKit.xib */,
				88E094772B69B81A00A93660 /* ArgumentViewUIKit.swift */,
				88E094782B69B81A00A93660 /* ArgumentViewUIKit.xib */,
				88E0947E2B6AAD5600A93660 /* CellTimeView.swift */,
				886540852B76DE5A00D2BF0A /* ArgumentTextField.swift */,
				888C04132C03DC3D00EFFDEE /* CellTextField.swift */,
			);
			path = Cell;
			sourceTree = "<group>";
		};
		88EF5AB92A9ED17200D1EADA /* Spectrogram */ = {
			isa = PBXGroup;
			children = (
				88EF5ABD2A9ED19400D1EADA /* AudioSpectrogram.swift */,
				88EF5ABC2A9ED19400D1EADA /* AudioSpectrogram+AVCaptureAudioDataOutputSampleBufferDelegate.swift */,
				88EF5ABA2A9ED19400D1EADA /* MelSpectrogram.swift */,
			);
			path = Spectrogram;
			sourceTree = "<group>";
		};
		88F62E992A58BDCA00DC5B60 /* Errors */ = {
			isa = PBXGroup;
			children = (
				88F62E9A2A58BDD700DC5B60 /* DatavyuErrors.swift */,
			);
			path = Errors;
			sourceTree = "<group>";
		};
/* End PBXGroup section */

/* Begin PBXNativeTarget section */
		881A39A42A242D4600B4782D /* Datavyu2 */ = {
			isa = PBXNativeTarget;
			buildConfigurationList = 881A39CA2A242D4700B4782D /* Build configuration list for PBXNativeTarget "Datavyu2" */;
			buildPhases = (
				881A39A12A242D4600B4782D /* Sources */,
				881A39A22A242D4600B4782D /* Frameworks */,
				881A39A32A242D4600B4782D /* Resources */,
			);
			buildRules = (
			);
			dependencies = (
			);
			name = Datavyu2;
			packageProductDependencies = (
				881A39D42A253A4900B4782D /* WrappingHStack */,
				884B0DF42A4F792A00D16304 /* RubyGateway */,
				88F62E9D2A58CEA800DC5B60 /* ZIPFoundation */,
				88F62EA02A58D51600DC5B60 /* Yams */,
				88F62EA72A5E1D2300DC5B60 /* Vapor */,
				88F62EAA2A5E230800DC5B60 /* Leaf */,
				88BFE4282A9D13FC00B37DC3 /* DSWaveformImage */,
				88BFE42A2A9D13FC00B37DC3 /* DSWaveformImageViews */,
				887B1A3B2B49CA59004068FA /* HierarchyResponder */,
				8861C4272C02B76F00DD180D /* WhisperKit */,
				888C041F2C07DCC100EFFDEE /* Logging */,
			);
			productName = sheettest;
			productReference = 881A39A52A242D4600B4782D /* Datavyu2.app */;
			productType = "com.apple.product-type.application";
		};
		881A39B52A242D4700B4782D /* datavyuTests */ = {
			isa = PBXNativeTarget;
			buildConfigurationList = 881A39CD2A242D4700B4782D /* Build configuration list for PBXNativeTarget "datavyuTests" */;
			buildPhases = (
				881A39B22A242D4700B4782D /* Sources */,
				881A39B32A242D4700B4782D /* Frameworks */,
				881A39B42A242D4700B4782D /* Resources */,
			);
			buildRules = (
			);
			dependencies = (
				881A39B82A242D4700B4782D /* PBXTargetDependency */,
			);
			name = datavyuTests;
			productName = sheettestTests;
			productReference = 881A39B62A242D4700B4782D /* datavyuTests.xctest */;
			productType = "com.apple.product-type.bundle.unit-test";
		};
		881A39BF2A242D4700B4782D /* datavyuUITests */ = {
			isa = PBXNativeTarget;
			buildConfigurationList = 881A39D02A242D4700B4782D /* Build configuration list for PBXNativeTarget "datavyuUITests" */;
			buildPhases = (
				881A39BC2A242D4700B4782D /* Sources */,
				881A39BD2A242D4700B4782D /* Frameworks */,
				881A39BE2A242D4700B4782D /* Resources */,
			);
			buildRules = (
			);
			dependencies = (
				881A39C22A242D4700B4782D /* PBXTargetDependency */,
			);
			name = datavyuUITests;
			productName = sheettestUITests;
			productReference = 881A39C02A242D4700B4782D /* datavyuUITests.xctest */;
			productType = "com.apple.product-type.bundle.ui-testing";
		};
/* End PBXNativeTarget section */

/* Begin PBXProject section */
		881A399D2A242D4600B4782D /* Project object */ = {
			isa = PBXProject;
			attributes = {
				BuildIndependentTargetsInParallel = 1;
				LastSwiftUpdateCheck = 1430;
				LastUpgradeCheck = 1500;
				TargetAttributes = {
					881A39A42A242D4600B4782D = {
						CreatedOnToolsVersion = 14.3;
						LastSwiftMigration = 1500;
					};
					881A39B52A242D4700B4782D = {
						CreatedOnToolsVersion = 14.3;
						TestTargetID = 881A39A42A242D4600B4782D;
					};
					881A39BF2A242D4700B4782D = {
						CreatedOnToolsVersion = 14.3;
						TestTargetID = 881A39A42A242D4600B4782D;
					};
				};
			};
			buildConfigurationList = 881A39A02A242D4600B4782D /* Build configuration list for PBXProject "datavyu" */;
			compatibilityVersion = "Xcode 14.0";
			developmentRegion = en;
			hasScannedForEncodings = 0;
			knownRegions = (
				en,
				Base,
			);
			mainGroup = 881A399C2A242D4600B4782D;
			packageReferences = (
				881A39D32A253A4900B4782D /* XCRemoteSwiftPackageReference "WrappingHStack" */,
				884B0DF32A4F792A00D16304 /* XCRemoteSwiftPackageReference "RubyGateway" */,
				88F62E9C2A58CEA800DC5B60 /* XCRemoteSwiftPackageReference "ZIPFoundation" */,
				88F62E9F2A58D51600DC5B60 /* XCRemoteSwiftPackageReference "Yams" */,
				88F62EA62A5E1D2300DC5B60 /* XCRemoteSwiftPackageReference "vapor" */,
				88F62EA92A5E230800DC5B60 /* XCRemoteSwiftPackageReference "leaf" */,
				88BFE4272A9D13FC00B37DC3 /* XCRemoteSwiftPackageReference "DSWaveformImage" */,
				887B1A3A2B49CA59004068FA /* XCRemoteSwiftPackageReference "HierarchyResponder" */,
				8861C4262C02B76F00DD180D /* XCRemoteSwiftPackageReference "whisperkit" */,
				888C041E2C07DCC100EFFDEE /* XCRemoteSwiftPackageReference "swift-log" */,
			);
			productRefGroup = 881A39A62A242D4600B4782D /* Products */;
			projectDirPath = "";
			projectRoot = "";
			targets = (
				881A39A42A242D4600B4782D /* Datavyu2 */,
				881A39B52A242D4700B4782D /* datavyuTests */,
				881A39BF2A242D4700B4782D /* datavyuUITests */,
			);
		};
/* End PBXProject section */

/* Begin PBXResourcesBuildPhase section */
		881A39A32A242D4600B4782D /* Resources */ = {
			isa = PBXResourcesBuildPhase;
			buildActionMask = 2147483647;
			files = (
				881A39B02A242D4700B4782D /* Preview Assets.xcassets in Resources */,
				881A39AD2A242D4700B4782D /* Assets.xcassets in Resources */,
				884B0DFE2A50CDCE00D16304 /* README.md in Resources */,
				88E094762B69B5AB00A93660 /* CellViewUIKit.xib in Resources */,
				88E0947A2B69B81A00A93660 /* ArgumentViewUIKit.xib in Resources */,
			);
			runOnlyForDeploymentPostprocessing = 0;
		};
		881A39B42A242D4700B4782D /* Resources */ = {
			isa = PBXResourcesBuildPhase;
			buildActionMask = 2147483647;
			files = (
			);
			runOnlyForDeploymentPostprocessing = 0;
		};
		881A39BE2A242D4700B4782D /* Resources */ = {
			isa = PBXResourcesBuildPhase;
			buildActionMask = 2147483647;
			files = (
			);
			runOnlyForDeploymentPostprocessing = 0;
		};
/* End PBXResourcesBuildPhase section */

/* Begin PBXSourcesBuildPhase section */
		881A39A12A242D4600B4782D /* Sources */ = {
			isa = PBXSourcesBuildPhase;
			buildActionMask = 2147483647;
			files = (
				8837C56D2A2D29AF00F29182 /* EditableLabel.swift in Sources */,
				886540862B76DE5A00D2BF0A /* ArgumentTextField.swift in Sources */,
				8878A6152A30275900A2658C /* RScriptEngine.swift in Sources */,
				8878A6232A3FD81900A2658C /* TrackView.swift in Sources */,
				88E094792B69B81A00A93660 /* ArgumentViewUIKit.swift in Sources */,
				8878A6212A3FD4A100A2658C /* TracksStackView.swift in Sources */,
				8878A63A2A427C6000A2658C /* MarkerModel.swift in Sources */,
				8878A6172A30279700A2658C /* PythonScriptEngine.swift in Sources */,
				88F62EA52A5A041200DC5B60 /* TimeHelpers.swift in Sources */,
				88F62E982A58B05500DC5B60 /* StringExtensions.swift in Sources */,
				88BFE4322A9E9E8700B37DC3 /* ArgumentFocusModel.swift in Sources */,
				881A39EC2A2A888100B4782D /* CellModel.swift in Sources */,
				88EF5ABF2A9ED19400D1EADA /* MelSpectrogram.swift in Sources */,
				888C04192C05092C00EFFDEE /* Paths.swift in Sources */,
				8878A6102A2FBC8700A2658C /* Config.swift in Sources */,
				8878A61A2A3027F500A2658C /* DatavyuAPI.swift in Sources */,
				8838DB0B2BF95E74001A25F2 /* RingBuffer.swift in Sources */,
				8878A6272A3FE93700A2658C /* FileController.swift in Sources */,
				881A3A022A2C0B6500B4782D /* VideoModel.swift in Sources */,
				8878A61C2A352A5200A2658C /* MillisTimeFormatter.swift in Sources */,
				88CE94562AA81359000E8DFB /* ColumnListView.swift in Sources */,
				88E0947C2B69D8FA00A93660 /* TimestampTransformer.swift in Sources */,
				881A39AB2A242D4600B4782D /* ContentView.swift in Sources */,
				8861C4182C014A3500DD180D /* SpectrogramProgressView.swift in Sources */,
				88BFE4252A9BE78F00B37DC3 /* CodeEditorRemoveCodeButton.swift in Sources */,
				8878A60E2A2D698900A2658C /* CodeEditorView.swift in Sources */,
				8861C4232C02939200DD180D /* CMSampleBufferFactory.swift in Sources */,
				881A39F52A2A917E00B4782D /* ArgumentModel.swift in Sources */,
				881A39FB2A2AB66900B4782D /* VideoView.swift in Sources */,
				888C04172C04DB4D00EFFDEE /* TranscriptionSettingsView.swift in Sources */,
				8861C41F2C0155C900DD180D /* AVPlayer+ACBHelper.m in Sources */,
				88EF5AC12A9ED19400D1EADA /* AudioSpectrogram+AVCaptureAudioDataOutputSampleBufferDelegate.swift in Sources */,
				884B0DFC2A50CC3900D16304 /* CodeEditorRow.swift in Sources */,
				88140FCD2A5218100095DB5A /* OptionsView.swift in Sources */,
				888C04102C03C24200EFFDEE /* CellTextController.swift in Sources */,
				8861C4252C02A4C900DD180D /* SpeechRecognizer.swift in Sources */,
				8878A6252A3FE75200A2658C /* VideoHelpers.swift in Sources */,
				881A39A92A242D4600B4782D /* sheettestApp.swift in Sources */,
				88F62E9B2A58BDD700DC5B60 /* DatavyuErrors.swift in Sources */,
				88F62EA32A5A012400DC5B60 /* IOModels.swift in Sources */,
				884B0DF72A50BE6B00D16304 /* DatavyuView.swift in Sources */,
				8878A6132A3026E100A2658C /* RubyScriptEngine.swift in Sources */,
				88E0947F2B6AAD5600A93660 /* CellTimeView.swift in Sources */,
				8878A6382A41305E00A2658C /* ClockView.swift in Sources */,
				8878A6362A411F9B00A2658C /* FileModel.swift in Sources */,
				881A39F12A2A8D6200B4782D /* SheetModel.swift in Sources */,
				888C04142C03DC3D00EFFDEE /* CellTextField.swift in Sources */,
				880CBD132B3FB61500D7701F /* TemporalCollectionViewLayout.swift in Sources */,
				8861C4212C0155C900DD180D /* ACBAudioProcessHelper.m in Sources */,
				881A39F72A2A9D5900B4782D /* SheetView.swift in Sources */,
				88BFE42D2A9D25CB00B37DC3 /* WaveformViewDV.swift in Sources */,
				880CBC8B2B3B699D00D7701F /* TemporalLayoutUIKit.swift in Sources */,
				88CE94532AA25E69000E8DFB /* FileControllerModel.swift in Sources */,
				881A39F32A2A8D8700B4782D /* ColumnModel.swift in Sources */,
				8861C4202C0155C900DD180D /* MYAudioTapProcessor.m in Sources */,
				882D71AE2BEDAC0200538D51 /* FileExtensions.swift in Sources */,
				88EF5AC22A9ED19400D1EADA /* AudioSpectrogram.swift in Sources */,
				88F8A9322A993954001EEB21 /* ControllerButton.swift in Sources */,
				88E094752B69B5AB00A93660 /* CellViewUIKit.swift in Sources */,
				888C041D2C06778700EFFDEE /* OrdinalCollectionViewLayout.swift in Sources */,
				882D71B02BF2AB6600538D51 /* ViewExtensions.swift in Sources */,
				885411852B463924006A86C0 /* WrappedHStack.swift in Sources */,
				88D3FE372A4DE12A0094F953 /* TrackPositionIndicator.swift in Sources */,
				88F8A9342A9A56FB001EEB21 /* ControllerPanelView.swift in Sources */,
				888C041B2C055D7600EFFDEE /* AppState.swift in Sources */,
				886F73962BF54982006383BE /* SpectrogramView.swift in Sources */,
				884B0DF92A50CB1B00D16304 /* CodeEditorAddCodeButton.swift in Sources */,
				882D71B42BF422A000538D51 /* SpectrogramController.swift in Sources */,
				8861C4142BFA586E00DD180D /* SpectrogramVideoBuilder.swift in Sources */,
				881A3A002A2BE73B00B4782D /* ControllerView.swift in Sources */,
				884CBB552A6DF8F600D5DBA8 /* ColumnNameDialog.swift in Sources */,
				8861C4162BFA5DC900DD180D /* AVAsset.swift in Sources */,
			);
			runOnlyForDeploymentPostprocessing = 0;
		};
		881A39B22A242D4700B4782D /* Sources */ = {
			isa = PBXSourcesBuildPhase;
			buildActionMask = 2147483647;
			files = (
				881A39BB2A242D4700B4782D /* sheettestTests.swift in Sources */,
			);
			runOnlyForDeploymentPostprocessing = 0;
		};
		881A39BC2A242D4700B4782D /* Sources */ = {
			isa = PBXSourcesBuildPhase;
			buildActionMask = 2147483647;
			files = (
				881A39C72A242D4700B4782D /* sheettestUITestsLaunchTests.swift in Sources */,
				881A39C52A242D4700B4782D /* sheettestUITests.swift in Sources */,
			);
			runOnlyForDeploymentPostprocessing = 0;
		};
/* End PBXSourcesBuildPhase section */

/* Begin PBXTargetDependency section */
		881A39B82A242D4700B4782D /* PBXTargetDependency */ = {
			isa = PBXTargetDependency;
			target = 881A39A42A242D4600B4782D /* Datavyu2 */;
			targetProxy = 881A39B72A242D4700B4782D /* PBXContainerItemProxy */;
		};
		881A39C22A242D4700B4782D /* PBXTargetDependency */ = {
			isa = PBXTargetDependency;
			target = 881A39A42A242D4600B4782D /* Datavyu2 */;
			targetProxy = 881A39C12A242D4700B4782D /* PBXContainerItemProxy */;
		};
/* End PBXTargetDependency section */

/* Begin XCBuildConfiguration section */
		881A39C82A242D4700B4782D /* Debug */ = {
			isa = XCBuildConfiguration;
			buildSettings = {
				ALWAYS_SEARCH_USER_PATHS = NO;
				CLANG_ANALYZER_NONNULL = YES;
				CLANG_ANALYZER_NUMBER_OBJECT_CONVERSION = YES_AGGRESSIVE;
				CLANG_CXX_LANGUAGE_STANDARD = "gnu++20";
				CLANG_ENABLE_MODULES = YES;
				CLANG_ENABLE_OBJC_ARC = YES;
				CLANG_ENABLE_OBJC_WEAK = YES;
				CLANG_WARN_BLOCK_CAPTURE_AUTORELEASING = YES;
				CLANG_WARN_BOOL_CONVERSION = YES;
				CLANG_WARN_COMMA = YES;
				CLANG_WARN_CONSTANT_CONVERSION = YES;
				CLANG_WARN_DEPRECATED_OBJC_IMPLEMENTATIONS = YES;
				CLANG_WARN_DIRECT_OBJC_ISA_USAGE = YES_ERROR;
				CLANG_WARN_DOCUMENTATION_COMMENTS = YES;
				CLANG_WARN_EMPTY_BODY = YES;
				CLANG_WARN_ENUM_CONVERSION = YES;
				CLANG_WARN_INFINITE_RECURSION = YES;
				CLANG_WARN_INT_CONVERSION = YES;
				CLANG_WARN_NON_LITERAL_NULL_CONVERSION = YES;
				CLANG_WARN_OBJC_IMPLICIT_RETAIN_SELF = YES;
				CLANG_WARN_OBJC_LITERAL_CONVERSION = YES;
				CLANG_WARN_OBJC_ROOT_CLASS = YES_ERROR;
				CLANG_WARN_QUOTED_INCLUDE_IN_FRAMEWORK_HEADER = YES;
				CLANG_WARN_RANGE_LOOP_ANALYSIS = YES;
				CLANG_WARN_STRICT_PROTOTYPES = YES;
				CLANG_WARN_SUSPICIOUS_MOVE = YES;
				CLANG_WARN_UNGUARDED_AVAILABILITY = YES_AGGRESSIVE;
				CLANG_WARN_UNREACHABLE_CODE = YES;
				CLANG_WARN__DUPLICATE_METHOD_MATCH = YES;
				COPY_PHASE_STRIP = NO;
				CURRENT_PROJECT_VERSION = 0.1;
				DEAD_CODE_STRIPPING = YES;
				DEBUG_INFORMATION_FORMAT = dwarf;
				ENABLE_STRICT_OBJC_MSGSEND = YES;
				ENABLE_TESTABILITY = YES;
				ENABLE_USER_SCRIPT_SANDBOXING = YES;
				GCC_C_LANGUAGE_STANDARD = gnu11;
				GCC_DYNAMIC_NO_PIC = NO;
				GCC_NO_COMMON_BLOCKS = YES;
				GCC_OPTIMIZATION_LEVEL = 0;
				GCC_PREPROCESSOR_DEFINITIONS = (
					"DEBUG=1",
					"$(inherited)",
				);
				GCC_WARN_64_TO_32_BIT_CONVERSION = YES;
				GCC_WARN_ABOUT_RETURN_TYPE = YES_ERROR;
				GCC_WARN_UNDECLARED_SELECTOR = YES;
				GCC_WARN_UNINITIALIZED_AUTOS = YES_AGGRESSIVE;
				GCC_WARN_UNUSED_FUNCTION = YES;
				GCC_WARN_UNUSED_VARIABLE = YES;
				MACOSX_DEPLOYMENT_TARGET = 14.0;
				MTL_ENABLE_DEBUG_INFO = INCLUDE_SOURCE;
				MTL_FAST_MATH = YES;
				ONLY_ACTIVE_ARCH = YES;
				SDKROOT = macosx;
				SWIFT_ACTIVE_COMPILATION_CONDITIONS = DEBUG;
				SWIFT_OPTIMIZATION_LEVEL = "-Onone";
				SWIFT_VERSION = 5.0;
			};
			name = Debug;
		};
		881A39C92A242D4700B4782D /* Release */ = {
			isa = XCBuildConfiguration;
			buildSettings = {
				ALWAYS_SEARCH_USER_PATHS = NO;
				CLANG_ANALYZER_NONNULL = YES;
				CLANG_ANALYZER_NUMBER_OBJECT_CONVERSION = YES_AGGRESSIVE;
				CLANG_CXX_LANGUAGE_STANDARD = "gnu++20";
				CLANG_ENABLE_MODULES = YES;
				CLANG_ENABLE_OBJC_ARC = YES;
				CLANG_ENABLE_OBJC_WEAK = YES;
				CLANG_WARN_BLOCK_CAPTURE_AUTORELEASING = YES;
				CLANG_WARN_BOOL_CONVERSION = YES;
				CLANG_WARN_COMMA = YES;
				CLANG_WARN_CONSTANT_CONVERSION = YES;
				CLANG_WARN_DEPRECATED_OBJC_IMPLEMENTATIONS = YES;
				CLANG_WARN_DIRECT_OBJC_ISA_USAGE = YES_ERROR;
				CLANG_WARN_DOCUMENTATION_COMMENTS = YES;
				CLANG_WARN_EMPTY_BODY = YES;
				CLANG_WARN_ENUM_CONVERSION = YES;
				CLANG_WARN_INFINITE_RECURSION = YES;
				CLANG_WARN_INT_CONVERSION = YES;
				CLANG_WARN_NON_LITERAL_NULL_CONVERSION = YES;
				CLANG_WARN_OBJC_IMPLICIT_RETAIN_SELF = YES;
				CLANG_WARN_OBJC_LITERAL_CONVERSION = YES;
				CLANG_WARN_OBJC_ROOT_CLASS = YES_ERROR;
				CLANG_WARN_QUOTED_INCLUDE_IN_FRAMEWORK_HEADER = YES;
				CLANG_WARN_RANGE_LOOP_ANALYSIS = YES;
				CLANG_WARN_STRICT_PROTOTYPES = YES;
				CLANG_WARN_SUSPICIOUS_MOVE = YES;
				CLANG_WARN_UNGUARDED_AVAILABILITY = YES_AGGRESSIVE;
				CLANG_WARN_UNREACHABLE_CODE = YES;
				CLANG_WARN__DUPLICATE_METHOD_MATCH = YES;
				COPY_PHASE_STRIP = NO;
				CURRENT_PROJECT_VERSION = 0.1;
				DEAD_CODE_STRIPPING = YES;
				DEBUG_INFORMATION_FORMAT = "dwarf-with-dsym";
				ENABLE_NS_ASSERTIONS = NO;
				ENABLE_STRICT_OBJC_MSGSEND = YES;
				ENABLE_USER_SCRIPT_SANDBOXING = YES;
				GCC_C_LANGUAGE_STANDARD = gnu11;
				GCC_NO_COMMON_BLOCKS = YES;
				GCC_WARN_64_TO_32_BIT_CONVERSION = YES;
				GCC_WARN_ABOUT_RETURN_TYPE = YES_ERROR;
				GCC_WARN_UNDECLARED_SELECTOR = YES;
				GCC_WARN_UNINITIALIZED_AUTOS = YES_AGGRESSIVE;
				GCC_WARN_UNUSED_FUNCTION = YES;
				GCC_WARN_UNUSED_VARIABLE = YES;
				MACOSX_DEPLOYMENT_TARGET = 14.0;
				MTL_ENABLE_DEBUG_INFO = NO;
				MTL_FAST_MATH = YES;
				SDKROOT = macosx;
				SWIFT_COMPILATION_MODE = wholemodule;
				SWIFT_OPTIMIZATION_LEVEL = "-O";
				SWIFT_VERSION = 5.0;
			};
			name = Release;
		};
		881A39CB2A242D4700B4782D /* Debug */ = {
			isa = XCBuildConfiguration;
			buildSettings = {
				ASSETCATALOG_COMPILER_APPICON_NAME = AppIcon;
				ASSETCATALOG_COMPILER_GLOBAL_ACCENT_COLOR_NAME = AccentColor;
				CLANG_ENABLE_MODULES = YES;
				CODE_SIGN_ENTITLEMENTS = datavyu/datavyu.entitlements;
				"CODE_SIGN_IDENTITY[sdk=macosx*]" = "Apple Development";
				CODE_SIGN_STYLE = Automatic;
				COMBINE_HIDPI_IMAGES = YES;
				CURRENT_PROJECT_VERSION = 1;
				DEAD_CODE_STRIPPING = YES;
				DEVELOPMENT_ASSET_PATHS = "";
				DEVELOPMENT_TEAM = ZBRT6TPG8Y;
				ENABLE_PREVIEWS = YES;
				GENERATE_INFOPLIST_FILE = YES;
				INFOPLIST_FILE = datavyu/Info.plist;
				INFOPLIST_KEY_LSApplicationCategoryType = "public.app-category.video";
				INFOPLIST_KEY_NSHumanReadableCopyright = "";
				IPHONEOS_DEPLOYMENT_TARGET = 15.0;
				LD_RUNPATH_SEARCH_PATHS = (
					"$(inherited)",
					"@executable_path/../Frameworks",
				);
				MACOSX_DEPLOYMENT_TARGET = 14.0;
				MARKETING_VERSION = 1.0;
				PRODUCT_BUNDLE_IDENTIFIER = com.jesseisageek.datavyu2;
				PRODUCT_NAME = "$(TARGET_NAME)";
				SWIFT_EMIT_LOC_STRINGS = YES;
				SWIFT_OBJC_BRIDGING_HEADER = "datavyu/Visualizations/AudioTap/datavyu-Bridging-Header.h";
				SWIFT_OPTIMIZATION_LEVEL = "-Onone";
				SWIFT_VERSION = 5.0;
				TVOS_DEPLOYMENT_TARGET = 15.0;
			};
			name = Debug;
		};
		881A39CC2A242D4700B4782D /* Release */ = {
			isa = XCBuildConfiguration;
			buildSettings = {
				ASSETCATALOG_COMPILER_APPICON_NAME = AppIcon;
				ASSETCATALOG_COMPILER_GLOBAL_ACCENT_COLOR_NAME = AccentColor;
				CLANG_ENABLE_MODULES = YES;
				CODE_SIGN_ENTITLEMENTS = datavyu/datavyu.entitlements;
				"CODE_SIGN_IDENTITY[sdk=macosx*]" = "Apple Development";
				CODE_SIGN_STYLE = Automatic;
				COMBINE_HIDPI_IMAGES = YES;
				CURRENT_PROJECT_VERSION = 1;
				DEAD_CODE_STRIPPING = YES;
				DEVELOPMENT_ASSET_PATHS = "";
				DEVELOPMENT_TEAM = ZBRT6TPG8Y;
				ENABLE_PREVIEWS = YES;
				GENERATE_INFOPLIST_FILE = YES;
				INFOPLIST_FILE = datavyu/Info.plist;
				INFOPLIST_KEY_LSApplicationCategoryType = "public.app-category.video";
				INFOPLIST_KEY_NSHumanReadableCopyright = "";
				IPHONEOS_DEPLOYMENT_TARGET = 15.0;
				LD_RUNPATH_SEARCH_PATHS = (
					"$(inherited)",
					"@executable_path/../Frameworks",
				);
				MACOSX_DEPLOYMENT_TARGET = 14.0;
				MARKETING_VERSION = 1.0;
				PRODUCT_BUNDLE_IDENTIFIER = com.jesseisageek.datavyu2;
				PRODUCT_NAME = "$(TARGET_NAME)";
				SWIFT_EMIT_LOC_STRINGS = YES;
				SWIFT_OBJC_BRIDGING_HEADER = "datavyu/Visualizations/AudioTap/datavyu-Bridging-Header.h";
				SWIFT_VERSION = 5.0;
				TVOS_DEPLOYMENT_TARGET = 15.0;
			};
			name = Release;
		};
		881A39CE2A242D4700B4782D /* Debug */ = {
			isa = XCBuildConfiguration;
			buildSettings = {
				ALWAYS_EMBED_SWIFT_STANDARD_LIBRARIES = YES;
				BUNDLE_LOADER = "$(TEST_HOST)";
				CODE_SIGN_STYLE = Automatic;
				CURRENT_PROJECT_VERSION = 1;
				DEAD_CODE_STRIPPING = YES;
				GENERATE_INFOPLIST_FILE = YES;
				MACOSX_DEPLOYMENT_TARGET = 13.3;
				MARKETING_VERSION = 1.0;
				PRODUCT_BUNDLE_IDENTIFIER = com.jesseisageek.sheettestTests;
				PRODUCT_NAME = "$(TARGET_NAME)";
				SWIFT_EMIT_LOC_STRINGS = NO;
				SWIFT_VERSION = 5.0;
				TEST_HOST = "$(BUILT_PRODUCTS_DIR)/datavyu.app/$(BUNDLE_EXECUTABLE_FOLDER_PATH)/datavyu";
			};
			name = Debug;
		};
		881A39CF2A242D4700B4782D /* Release */ = {
			isa = XCBuildConfiguration;
			buildSettings = {
				ALWAYS_EMBED_SWIFT_STANDARD_LIBRARIES = YES;
				BUNDLE_LOADER = "$(TEST_HOST)";
				CODE_SIGN_STYLE = Automatic;
				CURRENT_PROJECT_VERSION = 1;
				DEAD_CODE_STRIPPING = YES;
				GENERATE_INFOPLIST_FILE = YES;
				MACOSX_DEPLOYMENT_TARGET = 13.3;
				MARKETING_VERSION = 1.0;
				PRODUCT_BUNDLE_IDENTIFIER = com.jesseisageek.sheettestTests;
				PRODUCT_NAME = "$(TARGET_NAME)";
				SWIFT_EMIT_LOC_STRINGS = NO;
				SWIFT_VERSION = 5.0;
				TEST_HOST = "$(BUILT_PRODUCTS_DIR)/datavyu.app/$(BUNDLE_EXECUTABLE_FOLDER_PATH)/datavyu";
			};
			name = Release;
		};
		881A39D12A242D4700B4782D /* Debug */ = {
			isa = XCBuildConfiguration;
			buildSettings = {
				ALWAYS_EMBED_SWIFT_STANDARD_LIBRARIES = YES;
				CODE_SIGN_STYLE = Automatic;
				CURRENT_PROJECT_VERSION = 1;
				DEAD_CODE_STRIPPING = YES;
				GENERATE_INFOPLIST_FILE = YES;
				MARKETING_VERSION = 1.0;
				PRODUCT_BUNDLE_IDENTIFIER = com.jesseisageek.sheettestUITests;
				PRODUCT_NAME = "$(TARGET_NAME)";
				SWIFT_EMIT_LOC_STRINGS = NO;
				SWIFT_VERSION = 5.0;
				TEST_TARGET_NAME = sheettest;
			};
			name = Debug;
		};
		881A39D22A242D4700B4782D /* Release */ = {
			isa = XCBuildConfiguration;
			buildSettings = {
				ALWAYS_EMBED_SWIFT_STANDARD_LIBRARIES = YES;
				CODE_SIGN_STYLE = Automatic;
				CURRENT_PROJECT_VERSION = 1;
				DEAD_CODE_STRIPPING = YES;
				GENERATE_INFOPLIST_FILE = YES;
				MARKETING_VERSION = 1.0;
				PRODUCT_BUNDLE_IDENTIFIER = com.jesseisageek.sheettestUITests;
				PRODUCT_NAME = "$(TARGET_NAME)";
				SWIFT_EMIT_LOC_STRINGS = NO;
				SWIFT_VERSION = 5.0;
				TEST_TARGET_NAME = sheettest;
			};
			name = Release;
		};
/* End XCBuildConfiguration section */

/* Begin XCConfigurationList section */
		881A39A02A242D4600B4782D /* Build configuration list for PBXProject "datavyu" */ = {
			isa = XCConfigurationList;
			buildConfigurations = (
				881A39C82A242D4700B4782D /* Debug */,
				881A39C92A242D4700B4782D /* Release */,
			);
			defaultConfigurationIsVisible = 0;
			defaultConfigurationName = Release;
		};
		881A39CA2A242D4700B4782D /* Build configuration list for PBXNativeTarget "Datavyu2" */ = {
			isa = XCConfigurationList;
			buildConfigurations = (
				881A39CB2A242D4700B4782D /* Debug */,
				881A39CC2A242D4700B4782D /* Release */,
			);
			defaultConfigurationIsVisible = 0;
			defaultConfigurationName = Release;
		};
		881A39CD2A242D4700B4782D /* Build configuration list for PBXNativeTarget "datavyuTests" */ = {
			isa = XCConfigurationList;
			buildConfigurations = (
				881A39CE2A242D4700B4782D /* Debug */,
				881A39CF2A242D4700B4782D /* Release */,
			);
			defaultConfigurationIsVisible = 0;
			defaultConfigurationName = Release;
		};
		881A39D02A242D4700B4782D /* Build configuration list for PBXNativeTarget "datavyuUITests" */ = {
			isa = XCConfigurationList;
			buildConfigurations = (
				881A39D12A242D4700B4782D /* Debug */,
				881A39D22A242D4700B4782D /* Release */,
			);
			defaultConfigurationIsVisible = 0;
			defaultConfigurationName = Release;
		};
/* End XCConfigurationList section */

/* Begin XCRemoteSwiftPackageReference section */
		881A39D32A253A4900B4782D /* XCRemoteSwiftPackageReference "WrappingHStack" */ = {
			isa = XCRemoteSwiftPackageReference;
			repositoryURL = "https://github.com/dkk/WrappingHStack";
			requirement = {
				kind = upToNextMajorVersion;
				minimumVersion = 2.0.0;
			};
		};
		884B0DF32A4F792A00D16304 /* XCRemoteSwiftPackageReference "RubyGateway" */ = {
			isa = XCRemoteSwiftPackageReference;
			repositoryURL = "https://github.com/johnfairh/RubyGateway";
			requirement = {
				branch = main;
				kind = branch;
			};
		};
		8861C4262C02B76F00DD180D /* XCRemoteSwiftPackageReference "whisperkit" */ = {
			isa = XCRemoteSwiftPackageReference;
			repositoryURL = "https://github.com/argmaxinc/whisperkit";
			requirement = {
				branch = main;
				kind = branch;
			};
		};
		887B1A3A2B49CA59004068FA /* XCRemoteSwiftPackageReference "HierarchyResponder" */ = {
			isa = XCRemoteSwiftPackageReference;
			repositoryURL = "https://github.com/EmilioPelaez/HierarchyResponder";
			requirement = {
				kind = upToNextMajorVersion;
				minimumVersion = 1.1.3;
			};
		};
		888C041E2C07DCC100EFFDEE /* XCRemoteSwiftPackageReference "swift-log" */ = {
			isa = XCRemoteSwiftPackageReference;
			repositoryURL = "https://github.com/apple/swift-log";
			requirement = {
				kind = upToNextMajorVersion;
				minimumVersion = 1.5.4;
			};
		};
		88BFE4272A9D13FC00B37DC3 /* XCRemoteSwiftPackageReference "DSWaveformImage" */ = {
			isa = XCRemoteSwiftPackageReference;
			repositoryURL = "https://github.com/dmrschmidt/DSWaveformImage";
			requirement = {
				kind = upToNextMajorVersion;
				minimumVersion = 13.0.0;
			};
		};
		88F62E9C2A58CEA800DC5B60 /* XCRemoteSwiftPackageReference "ZIPFoundation" */ = {
			isa = XCRemoteSwiftPackageReference;
			repositoryURL = "https://github.com/weichsel/ZIPFoundation";
			requirement = {
				kind = upToNextMajorVersion;
				minimumVersion = 0.9.16;
			};
		};
		88F62E9F2A58D51600DC5B60 /* XCRemoteSwiftPackageReference "Yams" */ = {
			isa = XCRemoteSwiftPackageReference;
			repositoryURL = "https://github.com/jpsim/Yams";
			requirement = {
				kind = upToNextMajorVersion;
				minimumVersion = 5.0.0;
			};
		};
		88F62EA62A5E1D2300DC5B60 /* XCRemoteSwiftPackageReference "vapor" */ = {
			isa = XCRemoteSwiftPackageReference;
			repositoryURL = "https://github.com/vapor/vapor";
			requirement = {
				kind = upToNextMajorVersion;
				minimumVersion = 4.0.0;
			};
		};
		88F62EA92A5E230800DC5B60 /* XCRemoteSwiftPackageReference "leaf" */ = {
			isa = XCRemoteSwiftPackageReference;
			repositoryURL = "https://github.com/vapor/leaf.git";
			requirement = {
				kind = upToNextMajorVersion;
				minimumVersion = 4.0.0;
			};
		};
/* End XCRemoteSwiftPackageReference section */

/* Begin XCSwiftPackageProductDependency section */
		881A39D42A253A4900B4782D /* WrappingHStack */ = {
			isa = XCSwiftPackageProductDependency;
			package = 881A39D32A253A4900B4782D /* XCRemoteSwiftPackageReference "WrappingHStack" */;
			productName = WrappingHStack;
		};
		884B0DF42A4F792A00D16304 /* RubyGateway */ = {
			isa = XCSwiftPackageProductDependency;
			package = 884B0DF32A4F792A00D16304 /* XCRemoteSwiftPackageReference "RubyGateway" */;
			productName = RubyGateway;
		};
		8861C4272C02B76F00DD180D /* WhisperKit */ = {
			isa = XCSwiftPackageProductDependency;
			package = 8861C4262C02B76F00DD180D /* XCRemoteSwiftPackageReference "whisperkit" */;
			productName = WhisperKit;
		};
		887B1A3B2B49CA59004068FA /* HierarchyResponder */ = {
			isa = XCSwiftPackageProductDependency;
			package = 887B1A3A2B49CA59004068FA /* XCRemoteSwiftPackageReference "HierarchyResponder" */;
			productName = HierarchyResponder;
		};
		888C041F2C07DCC100EFFDEE /* Logging */ = {
			isa = XCSwiftPackageProductDependency;
			package = 888C041E2C07DCC100EFFDEE /* XCRemoteSwiftPackageReference "swift-log" */;
			productName = Logging;
		};
		88BFE4282A9D13FC00B37DC3 /* DSWaveformImage */ = {
			isa = XCSwiftPackageProductDependency;
			package = 88BFE4272A9D13FC00B37DC3 /* XCRemoteSwiftPackageReference "DSWaveformImage" */;
			productName = DSWaveformImage;
		};
		88BFE42A2A9D13FC00B37DC3 /* DSWaveformImageViews */ = {
			isa = XCSwiftPackageProductDependency;
			package = 88BFE4272A9D13FC00B37DC3 /* XCRemoteSwiftPackageReference "DSWaveformImage" */;
			productName = DSWaveformImageViews;
		};
		88F62E9D2A58CEA800DC5B60 /* ZIPFoundation */ = {
			isa = XCSwiftPackageProductDependency;
			package = 88F62E9C2A58CEA800DC5B60 /* XCRemoteSwiftPackageReference "ZIPFoundation" */;
			productName = ZIPFoundation;
		};
		88F62EA02A58D51600DC5B60 /* Yams */ = {
			isa = XCSwiftPackageProductDependency;
			package = 88F62E9F2A58D51600DC5B60 /* XCRemoteSwiftPackageReference "Yams" */;
			productName = Yams;
		};
		88F62EA72A5E1D2300DC5B60 /* Vapor */ = {
			isa = XCSwiftPackageProductDependency;
			package = 88F62EA62A5E1D2300DC5B60 /* XCRemoteSwiftPackageReference "vapor" */;
			productName = Vapor;
		};
		88F62EAA2A5E230800DC5B60 /* Leaf */ = {
			isa = XCSwiftPackageProductDependency;
			package = 88F62EA92A5E230800DC5B60 /* XCRemoteSwiftPackageReference "leaf" */;
			productName = Leaf;
		};
/* End XCSwiftPackageProductDependency section */
	};
	rootObject = 881A399D2A242D4600B4782D /* Project object */;
}
